// !$*UTF8*$!
{
	archiveVersion = 1;
	classes = {
	};
	objectVersion = 56;
	objects = {

/* Begin PBXBuildFile section */
		F41016272BD1959300E55A2C /* Board.swift in Sources */ = {isa = PBXBuildFile; fileRef = F41016262BD1959300E55A2C /* Board.swift */; };
		F41016292BD195B400E55A2C /* BoardTests.swift in Sources */ = {isa = PBXBuildFile; fileRef = F41016282BD195B400E55A2C /* BoardTests.swift */; };
		F410162B2BD19B8200E55A2C /* Square.swift in Sources */ = {isa = PBXBuildFile; fileRef = F410162A2BD19B8200E55A2C /* Square.swift */; };
		F410162D2BD19BAC00E55A2C /* SquareTests.swift in Sources */ = {isa = PBXBuildFile; fileRef = F410162C2BD19BAC00E55A2C /* SquareTests.swift */; };
		F423A62E2BCC9B3B004DF427 /* AppDelegate.swift in Sources */ = {isa = PBXBuildFile; fileRef = F423A62D2BCC9B3B004DF427 /* AppDelegate.swift */; };
		F423A6302BCC9B3B004DF427 /* SceneDelegate.swift in Sources */ = {isa = PBXBuildFile; fileRef = F423A62F2BCC9B3B004DF427 /* SceneDelegate.swift */; };
		F423A6322BCC9B3B004DF427 /* ViewController.swift in Sources */ = {isa = PBXBuildFile; fileRef = F423A6312BCC9B3B004DF427 /* ViewController.swift */; };
		F423A6372BCC9B3D004DF427 /* Assets.xcassets in Resources */ = {isa = PBXBuildFile; fileRef = F423A6362BCC9B3D004DF427 /* Assets.xcassets */; };
		F423A63A2BCC9B3D004DF427 /* LaunchScreen.storyboard in Resources */ = {isa = PBXBuildFile; fileRef = F423A6382BCC9B3D004DF427 /* LaunchScreen.storyboard */; };
		F423A6452BCC9B3E004DF427 /* SwiftChessTests.swift in Sources */ = {isa = PBXBuildFile; fileRef = F423A6442BCC9B3E004DF427 /* SwiftChessTests.swift */; };
		F423A64F2BCC9B3E004DF427 /* SwiftChessUITests.swift in Sources */ = {isa = PBXBuildFile; fileRef = F423A64E2BCC9B3E004DF427 /* SwiftChessUITests.swift */; };
		F423A6512BCC9B3E004DF427 /* SwiftChessUITestsLaunchTests.swift in Sources */ = {isa = PBXBuildFile; fileRef = F423A6502BCC9B3E004DF427 /* SwiftChessUITestsLaunchTests.swift */; };
		F423A65F2BCC9C77004DF427 /* Piece.swift in Sources */ = {isa = PBXBuildFile; fileRef = F423A65E2BCC9C77004DF427 /* Piece.swift */; };
		F423A6622BCC9D02004DF427 /* PieceTests.swift in Sources */ = {isa = PBXBuildFile; fileRef = F423A6612BCC9D02004DF427 /* PieceTests.swift */; };
/* End PBXBuildFile section */

/* Begin PBXContainerItemProxy section */
		F423A6412BCC9B3E004DF427 /* PBXContainerItemProxy */ = {
			isa = PBXContainerItemProxy;
			containerPortal = F423A6222BCC9B3B004DF427 /* Project object */;
			proxyType = 1;
			remoteGlobalIDString = F423A6292BCC9B3B004DF427;
			remoteInfo = SwiftChess;
		};
		F423A64B2BCC9B3E004DF427 /* PBXContainerItemProxy */ = {
			isa = PBXContainerItemProxy;
			containerPortal = F423A6222BCC9B3B004DF427 /* Project object */;
			proxyType = 1;
			remoteGlobalIDString = F423A6292BCC9B3B004DF427;
			remoteInfo = SwiftChess;
		};
/* End PBXContainerItemProxy section */

/* Begin PBXFileReference section */
		F41016262BD1959300E55A2C /* Board.swift */ = {isa = PBXFileReference; lastKnownFileType = sourcecode.swift; path = Board.swift; sourceTree = "<group>"; };
		F41016282BD195B400E55A2C /* BoardTests.swift */ = {isa = PBXFileReference; lastKnownFileType = sourcecode.swift; path = BoardTests.swift; sourceTree = "<group>"; };
		F410162A2BD19B8200E55A2C /* Square.swift */ = {isa = PBXFileReference; lastKnownFileType = sourcecode.swift; path = Square.swift; sourceTree = "<group>"; };
		F410162C2BD19BAC00E55A2C /* SquareTests.swift */ = {isa = PBXFileReference; lastKnownFileType = sourcecode.swift; path = SquareTests.swift; sourceTree = "<group>"; };
		F423A62A2BCC9B3B004DF427 /* SwiftChess.app */ = {isa = PBXFileReference; explicitFileType = wrapper.application; includeInIndex = 0; path = SwiftChess.app; sourceTree = BUILT_PRODUCTS_DIR; };
		F423A62D2BCC9B3B004DF427 /* AppDelegate.swift */ = {isa = PBXFileReference; lastKnownFileType = sourcecode.swift; path = AppDelegate.swift; sourceTree = "<group>"; };
		F423A62F2BCC9B3B004DF427 /* SceneDelegate.swift */ = {isa = PBXFileReference; lastKnownFileType = sourcecode.swift; path = SceneDelegate.swift; sourceTree = "<group>"; };
		F423A6312BCC9B3B004DF427 /* ViewController.swift */ = {isa = PBXFileReference; lastKnownFileType = sourcecode.swift; path = ViewController.swift; sourceTree = "<group>"; };
		F423A6362BCC9B3D004DF427 /* Assets.xcassets */ = {isa = PBXFileReference; lastKnownFileType = folder.assetcatalog; path = Assets.xcassets; sourceTree = "<group>"; };
		F423A6392BCC9B3D004DF427 /* Base */ = {isa = PBXFileReference; lastKnownFileType = file.storyboard; name = Base; path = Base.lproj/LaunchScreen.storyboard; sourceTree = "<group>"; };
		F423A63B2BCC9B3D004DF427 /* Info.plist */ = {isa = PBXFileReference; lastKnownFileType = text.plist.xml; path = Info.plist; sourceTree = "<group>"; };
		F423A6402BCC9B3E004DF427 /* SwiftChessTests.xctest */ = {isa = PBXFileReference; explicitFileType = wrapper.cfbundle; includeInIndex = 0; path = SwiftChessTests.xctest; sourceTree = BUILT_PRODUCTS_DIR; };
		F423A6442BCC9B3E004DF427 /* SwiftChessTests.swift */ = {isa = PBXFileReference; lastKnownFileType = sourcecode.swift; path = SwiftChessTests.swift; sourceTree = "<group>"; };
		F423A64A2BCC9B3E004DF427 /* SwiftChessUITests.xctest */ = {isa = PBXFileReference; explicitFileType = wrapper.cfbundle; includeInIndex = 0; path = SwiftChessUITests.xctest; sourceTree = BUILT_PRODUCTS_DIR; };
		F423A64E2BCC9B3E004DF427 /* SwiftChessUITests.swift */ = {isa = PBXFileReference; lastKnownFileType = sourcecode.swift; path = SwiftChessUITests.swift; sourceTree = "<group>"; };
		F423A6502BCC9B3E004DF427 /* SwiftChessUITestsLaunchTests.swift */ = {isa = PBXFileReference; lastKnownFileType = sourcecode.swift; path = SwiftChessUITestsLaunchTests.swift; sourceTree = "<group>"; };
		F423A65E2BCC9C77004DF427 /* Piece.swift */ = {isa = PBXFileReference; lastKnownFileType = sourcecode.swift; path = Piece.swift; sourceTree = "<group>"; };
		F423A6612BCC9D02004DF427 /* PieceTests.swift */ = {isa = PBXFileReference; lastKnownFileType = sourcecode.swift; path = PieceTests.swift; sourceTree = "<group>"; };
		F49D34322BCD6B0800BC7B17 /* SwiftChess.xctestplan */ = {isa = PBXFileReference; lastKnownFileType = text; path = SwiftChess.xctestplan; sourceTree = "<group>"; };
/* End PBXFileReference section */

/* Begin PBXFrameworksBuildPhase section */
		F423A6272BCC9B3B004DF427 /* Frameworks */ = {
			isa = PBXFrameworksBuildPhase;
			buildActionMask = 2147483647;
			files = (
			);
			runOnlyForDeploymentPostprocessing = 0;
		};
		F423A63D2BCC9B3E004DF427 /* Frameworks */ = {
			isa = PBXFrameworksBuildPhase;
			buildActionMask = 2147483647;
			files = (
			);
			runOnlyForDeploymentPostprocessing = 0;
		};
		F423A6472BCC9B3E004DF427 /* Frameworks */ = {
			isa = PBXFrameworksBuildPhase;
			buildActionMask = 2147483647;
			files = (
			);
			runOnlyForDeploymentPostprocessing = 0;
		};
/* End PBXFrameworksBuildPhase section */

/* Begin PBXGroup section */
		F423A6212BCC9B3B004DF427 = {
			isa = PBXGroup;
			children = (
				F49D34322BCD6B0800BC7B17 /* SwiftChess.xctestplan */,
				F423A62C2BCC9B3B004DF427 /* SwiftChess */,
				F423A6432BCC9B3E004DF427 /* SwiftChessTests */,
				F423A64D2BCC9B3E004DF427 /* SwiftChessUITests */,
				F423A62B2BCC9B3B004DF427 /* Products */,
			);
			sourceTree = "<group>";
		};
		F423A62B2BCC9B3B004DF427 /* Products */ = {
			isa = PBXGroup;
			children = (
				F423A62A2BCC9B3B004DF427 /* SwiftChess.app */,
				F423A6402BCC9B3E004DF427 /* SwiftChessTests.xctest */,
				F423A64A2BCC9B3E004DF427 /* SwiftChessUITests.xctest */,
			);
			name = Products;
			sourceTree = "<group>";
		};
		F423A62C2BCC9B3B004DF427 /* SwiftChess */ = {
			isa = PBXGroup;
			children = (
				F423A65D2BCC9BE3004DF427 /* Classes */,
				F423A62D2BCC9B3B004DF427 /* AppDelegate.swift */,
				F423A62F2BCC9B3B004DF427 /* SceneDelegate.swift */,
				F423A6312BCC9B3B004DF427 /* ViewController.swift */,
				F423A6362BCC9B3D004DF427 /* Assets.xcassets */,
				F423A6382BCC9B3D004DF427 /* LaunchScreen.storyboard */,
				F423A63B2BCC9B3D004DF427 /* Info.plist */,
			);
			path = SwiftChess;
			sourceTree = "<group>";
		};
		F423A6432BCC9B3E004DF427 /* SwiftChessTests */ = {
			isa = PBXGroup;
			children = (
				F423A6602BCC9CDC004DF427 /* Classes */,
				F423A6442BCC9B3E004DF427 /* SwiftChessTests.swift */,
			);
			path = SwiftChessTests;
			sourceTree = "<group>";
		};
		F423A64D2BCC9B3E004DF427 /* SwiftChessUITests */ = {
			isa = PBXGroup;
			children = (
				F423A64E2BCC9B3E004DF427 /* SwiftChessUITests.swift */,
				F423A6502BCC9B3E004DF427 /* SwiftChessUITestsLaunchTests.swift */,
			);
			path = SwiftChessUITests;
			sourceTree = "<group>";
		};
		F423A65D2BCC9BE3004DF427 /* Classes */ = {
			isa = PBXGroup;
			children = (
				F423A65E2BCC9C77004DF427 /* Piece.swift */,
				F41016262BD1959300E55A2C /* Board.swift */,
				F410162A2BD19B8200E55A2C /* Square.swift */,
			);
			path = Classes;
			sourceTree = "<group>";
		};
		F423A6602BCC9CDC004DF427 /* Classes */ = {
			isa = PBXGroup;
			children = (
				F423A6612BCC9D02004DF427 /* PieceTests.swift */,
				F41016282BD195B400E55A2C /* BoardTests.swift */,
				F410162C2BD19BAC00E55A2C /* SquareTests.swift */,
			);
			path = Classes;
			sourceTree = "<group>";
		};
/* End PBXGroup section */

/* Begin PBXNativeTarget section */
		F423A6292BCC9B3B004DF427 /* SwiftChess */ = {
			isa = PBXNativeTarget;
			buildConfigurationList = F423A6542BCC9B3E004DF427 /* Build configuration list for PBXNativeTarget "SwiftChess" */;
			buildPhases = (
				F423A6262BCC9B3B004DF427 /* Sources */,
				F423A6272BCC9B3B004DF427 /* Frameworks */,
				F423A6282BCC9B3B004DF427 /* Resources */,
			);
			buildRules = (
			);
			dependencies = (
			);
			name = SwiftChess;
			productName = SwiftChess;
			productReference = F423A62A2BCC9B3B004DF427 /* SwiftChess.app */;
			productType = "com.apple.product-type.application";
		};
		F423A63F2BCC9B3E004DF427 /* SwiftChessTests */ = {
			isa = PBXNativeTarget;
			buildConfigurationList = F423A6572BCC9B3E004DF427 /* Build configuration list for PBXNativeTarget "SwiftChessTests" */;
			buildPhases = (
				F423A63C2BCC9B3E004DF427 /* Sources */,
				F423A63D2BCC9B3E004DF427 /* Frameworks */,
				F423A63E2BCC9B3E004DF427 /* Resources */,
			);
			buildRules = (
			);
			dependencies = (
				F423A6422BCC9B3E004DF427 /* PBXTargetDependency */,
			);
			name = SwiftChessTests;
			productName = SwiftChessTests;
			productReference = F423A6402BCC9B3E004DF427 /* SwiftChessTests.xctest */;
			productType = "com.apple.product-type.bundle.unit-test";
		};
		F423A6492BCC9B3E004DF427 /* SwiftChessUITests */ = {
			isa = PBXNativeTarget;
			buildConfigurationList = F423A65A2BCC9B3E004DF427 /* Build configuration list for PBXNativeTarget "SwiftChessUITests" */;
			buildPhases = (
				F423A6462BCC9B3E004DF427 /* Sources */,
				F423A6472BCC9B3E004DF427 /* Frameworks */,
				F423A6482BCC9B3E004DF427 /* Resources */,
			);
			buildRules = (
			);
			dependencies = (
				F423A64C2BCC9B3E004DF427 /* PBXTargetDependency */,
			);
			name = SwiftChessUITests;
			productName = SwiftChessUITests;
			productReference = F423A64A2BCC9B3E004DF427 /* SwiftChessUITests.xctest */;
			productType = "com.apple.product-type.bundle.ui-testing";
		};
/* End PBXNativeTarget section */

/* Begin PBXProject section */
		F423A6222BCC9B3B004DF427 /* Project object */ = {
			isa = PBXProject;
			attributes = {
				BuildIndependentTargetsInParallel = 1;
				LastSwiftUpdateCheck = 1520;
				LastUpgradeCheck = 1520;
				TargetAttributes = {
					F423A6292BCC9B3B004DF427 = {
						CreatedOnToolsVersion = 15.2;
					};
					F423A63F2BCC9B3E004DF427 = {
						CreatedOnToolsVersion = 15.2;
						TestTargetID = F423A6292BCC9B3B004DF427;
					};
					F423A6492BCC9B3E004DF427 = {
						CreatedOnToolsVersion = 15.2;
						TestTargetID = F423A6292BCC9B3B004DF427;
					};
				};
			};
			buildConfigurationList = F423A6252BCC9B3B004DF427 /* Build configuration list for PBXProject "SwiftChess" */;
			compatibilityVersion = "Xcode 14.0";
			developmentRegion = en;
			hasScannedForEncodings = 0;
			knownRegions = (
				en,
				Base,
			);
			mainGroup = F423A6212BCC9B3B004DF427;
			productRefGroup = F423A62B2BCC9B3B004DF427 /* Products */;
			projectDirPath = "";
			projectRoot = "";
			targets = (
				F423A6292BCC9B3B004DF427 /* SwiftChess */,
				F423A63F2BCC9B3E004DF427 /* SwiftChessTests */,
				F423A6492BCC9B3E004DF427 /* SwiftChessUITests */,
			);
		};
/* End PBXProject section */

/* Begin PBXResourcesBuildPhase section */
		F423A6282BCC9B3B004DF427 /* Resources */ = {
			isa = PBXResourcesBuildPhase;
			buildActionMask = 2147483647;
			files = (
				F423A63A2BCC9B3D004DF427 /* LaunchScreen.storyboard in Resources */,
				F423A6372BCC9B3D004DF427 /* Assets.xcassets in Resources */,
			);
			runOnlyForDeploymentPostprocessing = 0;
		};
		F423A63E2BCC9B3E004DF427 /* Resources */ = {
			isa = PBXResourcesBuildPhase;
			buildActionMask = 2147483647;
			files = (
			);
			runOnlyForDeploymentPostprocessing = 0;
		};
		F423A6482BCC9B3E004DF427 /* Resources */ = {
			isa = PBXResourcesBuildPhase;
			buildActionMask = 2147483647;
			files = (
			);
			runOnlyForDeploymentPostprocessing = 0;
		};
/* End PBXResourcesBuildPhase section */

/* Begin PBXSourcesBuildPhase section */
		F423A6262BCC9B3B004DF427 /* Sources */ = {
			isa = PBXSourcesBuildPhase;
			buildActionMask = 2147483647;
			files = (
				F410162B2BD19B8200E55A2C /* Square.swift in Sources */,
				F423A65F2BCC9C77004DF427 /* Piece.swift in Sources */,
				F423A6322BCC9B3B004DF427 /* ViewController.swift in Sources */,
				F41016272BD1959300E55A2C /* Board.swift in Sources */,
				F423A62E2BCC9B3B004DF427 /* AppDelegate.swift in Sources */,
				F423A6302BCC9B3B004DF427 /* SceneDelegate.swift in Sources */,
			);
			runOnlyForDeploymentPostprocessing = 0;
		};
		F423A63C2BCC9B3E004DF427 /* Sources */ = {
			isa = PBXSourcesBuildPhase;
			buildActionMask = 2147483647;
			files = (
				F410162D2BD19BAC00E55A2C /* SquareTests.swift in Sources */,
				F423A6622BCC9D02004DF427 /* PieceTests.swift in Sources */,
				F423A6452BCC9B3E004DF427 /* SwiftChessTests.swift in Sources */,
				F41016292BD195B400E55A2C /* BoardTests.swift in Sources */,
			);
			runOnlyForDeploymentPostprocessing = 0;
		};
		F423A6462BCC9B3E004DF427 /* Sources */ = {
			isa = PBXSourcesBuildPhase;
			buildActionMask = 2147483647;
			files = (
				F423A64F2BCC9B3E004DF427 /* SwiftChessUITests.swift in Sources */,
				F423A6512BCC9B3E004DF427 /* SwiftChessUITestsLaunchTests.swift in Sources */,
			);
			runOnlyForDeploymentPostprocessing = 0;
		};
/* End PBXSourcesBuildPhase section */

/* Begin PBXTargetDependency section */
		F423A6422BCC9B3E004DF427 /* PBXTargetDependency */ = {
			isa = PBXTargetDependency;
			target = F423A6292BCC9B3B004DF427 /* SwiftChess */;
			targetProxy = F423A6412BCC9B3E004DF427 /* PBXContainerItemProxy */;
		};
		F423A64C2BCC9B3E004DF427 /* PBXTargetDependency */ = {
			isa = PBXTargetDependency;
			target = F423A6292BCC9B3B004DF427 /* SwiftChess */;
			targetProxy = F423A64B2BCC9B3E004DF427 /* PBXContainerItemProxy */;
		};
/* End PBXTargetDependency section */

/* Begin PBXVariantGroup section */
		F423A6382BCC9B3D004DF427 /* LaunchScreen.storyboard */ = {
			isa = PBXVariantGroup;
			children = (
				F423A6392BCC9B3D004DF427 /* Base */,
			);
			name = LaunchScreen.storyboard;
			sourceTree = "<group>";
		};
/* End PBXVariantGroup section */

/* Begin XCBuildConfiguration section */
		F423A6522BCC9B3E004DF427 /* Debug */ = {
			isa = XCBuildConfiguration;
			buildSettings = {
				ALWAYS_SEARCH_USER_PATHS = NO;
				ASSETCATALOG_COMPILER_GENERATE_SWIFT_ASSET_SYMBOL_EXTENSIONS = YES;
				CLANG_ANALYZER_NONNULL = YES;
				CLANG_ANALYZER_NUMBER_OBJECT_CONVERSION = YES_AGGRESSIVE;
				CLANG_CXX_LANGUAGE_STANDARD = "gnu++20";
				CLANG_ENABLE_MODULES = YES;
				CLANG_ENABLE_OBJC_ARC = YES;
				CLANG_ENABLE_OBJC_WEAK = YES;
				CLANG_WARN_BLOCK_CAPTURE_AUTORELEASING = YES;
				CLANG_WARN_BOOL_CONVERSION = YES;
				CLANG_WARN_COMMA = YES;
				CLANG_WARN_CONSTANT_CONVERSION = YES;
				CLANG_WARN_DEPRECATED_OBJC_IMPLEMENTATIONS = YES;
				CLANG_WARN_DIRECT_OBJC_ISA_USAGE = YES_ERROR;
				CLANG_WARN_DOCUMENTATION_COMMENTS = YES;
				CLANG_WARN_EMPTY_BODY = YES;
				CLANG_WARN_ENUM_CONVERSION = YES;
				CLANG_WARN_INFINITE_RECURSION = YES;
				CLANG_WARN_INT_CONVERSION = YES;
				CLANG_WARN_NON_LITERAL_NULL_CONVERSION = YES;
				CLANG_WARN_OBJC_IMPLICIT_RETAIN_SELF = YES;
				CLANG_WARN_OBJC_LITERAL_CONVERSION = YES;
				CLANG_WARN_OBJC_ROOT_CLASS = YES_ERROR;
				CLANG_WARN_QUOTED_INCLUDE_IN_FRAMEWORK_HEADER = YES;
				CLANG_WARN_RANGE_LOOP_ANALYSIS = YES;
				CLANG_WARN_STRICT_PROTOTYPES = YES;
				CLANG_WARN_SUSPICIOUS_MOVE = YES;
				CLANG_WARN_UNGUARDED_AVAILABILITY = YES_AGGRESSIVE;
				CLANG_WARN_UNREACHABLE_CODE = YES;
				CLANG_WARN__DUPLICATE_METHOD_MATCH = YES;
				COPY_PHASE_STRIP = NO;
				DEBUG_INFORMATION_FORMAT = dwarf;
				ENABLE_STRICT_OBJC_MSGSEND = YES;
				ENABLE_TESTABILITY = YES;
				ENABLE_USER_SCRIPT_SANDBOXING = YES;
				GCC_C_LANGUAGE_STANDARD = gnu17;
				GCC_DYNAMIC_NO_PIC = NO;
				GCC_NO_COMMON_BLOCKS = YES;
				GCC_OPTIMIZATION_LEVEL = 0;
				GCC_PREPROCESSOR_DEFINITIONS = (
					"DEBUG=1",
					"$(inherited)",
				);
				GCC_WARN_64_TO_32_BIT_CONVERSION = YES;
				GCC_WARN_ABOUT_RETURN_TYPE = YES_ERROR;
				GCC_WARN_UNDECLARED_SELECTOR = YES;
				GCC_WARN_UNINITIALIZED_AUTOS = YES_AGGRESSIVE;
				GCC_WARN_UNUSED_FUNCTION = YES;
				GCC_WARN_UNUSED_VARIABLE = YES;
				IPHONEOS_DEPLOYMENT_TARGET = 13.0;
				LOCALIZATION_PREFERS_STRING_CATALOGS = YES;
				MTL_ENABLE_DEBUG_INFO = INCLUDE_SOURCE;
				MTL_FAST_MATH = YES;
				ONLY_ACTIVE_ARCH = YES;
				SDKROOT = iphoneos;
				SWIFT_ACTIVE_COMPILATION_CONDITIONS = "DEBUG $(inherited)";
				SWIFT_OPTIMIZATION_LEVEL = "-Onone";
			};
			name = Debug;
		};
		F423A6532BCC9B3E004DF427 /* Release */ = {
			isa = XCBuildConfiguration;
			buildSettings = {
				ALWAYS_SEARCH_USER_PATHS = NO;
				ASSETCATALOG_COMPILER_GENERATE_SWIFT_ASSET_SYMBOL_EXTENSIONS = YES;
				CLANG_ANALYZER_NONNULL = YES;
				CLANG_ANALYZER_NUMBER_OBJECT_CONVERSION = YES_AGGRESSIVE;
				CLANG_CXX_LANGUAGE_STANDARD = "gnu++20";
				CLANG_ENABLE_MODULES = YES;
				CLANG_ENABLE_OBJC_ARC = YES;
				CLANG_ENABLE_OBJC_WEAK = YES;
				CLANG_WARN_BLOCK_CAPTURE_AUTORELEASING = YES;
				CLANG_WARN_BOOL_CONVERSION = YES;
				CLANG_WARN_COMMA = YES;
				CLANG_WARN_CONSTANT_CONVERSION = YES;
				CLANG_WARN_DEPRECATED_OBJC_IMPLEMENTATIONS = YES;
				CLANG_WARN_DIRECT_OBJC_ISA_USAGE = YES_ERROR;
				CLANG_WARN_DOCUMENTATION_COMMENTS = YES;
				CLANG_WARN_EMPTY_BODY = YES;
				CLANG_WARN_ENUM_CONVERSION = YES;
				CLANG_WARN_INFINITE_RECURSION = YES;
				CLANG_WARN_INT_CONVERSION = YES;
				CLANG_WARN_NON_LITERAL_NULL_CONVERSION = YES;
				CLANG_WARN_OBJC_IMPLICIT_RETAIN_SELF = YES;
				CLANG_WARN_OBJC_LITERAL_CONVERSION = YES;
				CLANG_WARN_OBJC_ROOT_CLASS = YES_ERROR;
				CLANG_WARN_QUOTED_INCLUDE_IN_FRAMEWORK_HEADER = YES;
				CLANG_WARN_RANGE_LOOP_ANALYSIS = YES;
				CLANG_WARN_STRICT_PROTOTYPES = YES;
				CLANG_WARN_SUSPICIOUS_MOVE = YES;
				CLANG_WARN_UNGUARDED_AVAILABILITY = YES_AGGRESSIVE;
				CLANG_WARN_UNREACHABLE_CODE = YES;
				CLANG_WARN__DUPLICATE_METHOD_MATCH = YES;
				COPY_PHASE_STRIP = NO;
				DEBUG_INFORMATION_FORMAT = "dwarf-with-dsym";
				ENABLE_NS_ASSERTIONS = NO;
				ENABLE_STRICT_OBJC_MSGSEND = YES;
				ENABLE_USER_SCRIPT_SANDBOXING = YES;
				GCC_C_LANGUAGE_STANDARD = gnu17;
				GCC_NO_COMMON_BLOCKS = YES;
				GCC_WARN_64_TO_32_BIT_CONVERSION = YES;
				GCC_WARN_ABOUT_RETURN_TYPE = YES_ERROR;
				GCC_WARN_UNDECLARED_SELECTOR = YES;
				GCC_WARN_UNINITIALIZED_AUTOS = YES_AGGRESSIVE;
				GCC_WARN_UNUSED_FUNCTION = YES;
				GCC_WARN_UNUSED_VARIABLE = YES;
				IPHONEOS_DEPLOYMENT_TARGET = 13.0;
				LOCALIZATION_PREFERS_STRING_CATALOGS = YES;
				MTL_ENABLE_DEBUG_INFO = NO;
				MTL_FAST_MATH = YES;
				SDKROOT = iphoneos;
				SWIFT_COMPILATION_MODE = wholemodule;
				VALIDATE_PRODUCT = YES;
			};
			name = Release;
		};
		F423A6552BCC9B3E004DF427 /* Debug */ = {
			isa = XCBuildConfiguration;
			buildSettings = {
				ASSETCATALOG_COMPILER_APPICON_NAME = AppIcon;
				ASSETCATALOG_COMPILER_GLOBAL_ACCENT_COLOR_NAME = AccentColor;
				CODE_SIGN_IDENTITY = "Apple Development";
				CODE_SIGN_STYLE = Manual;
				CURRENT_PROJECT_VERSION = 1;
				DEVELOPMENT_TEAM = "";
				GENERATE_INFOPLIST_FILE = YES;
				INFOPLIST_FILE = SwiftChess/Info.plist;
				INFOPLIST_KEY_LSApplicationCategoryType = "public.app-category.puzzle-games";
				INFOPLIST_KEY_UIApplicationSupportsIndirectInputEvents = YES;
				INFOPLIST_KEY_UILaunchStoryboardName = LaunchScreen;
				INFOPLIST_KEY_UISupportedInterfaceOrientations_iPad = "UIInterfaceOrientationPortrait UIInterfaceOrientationPortraitUpsideDown UIInterfaceOrientationLandscapeLeft UIInterfaceOrientationLandscapeRight";
				INFOPLIST_KEY_UISupportedInterfaceOrientations_iPhone = "UIInterfaceOrientationPortrait UIInterfaceOrientationLandscapeLeft UIInterfaceOrientationLandscapeRight";
				IPHONEOS_DEPLOYMENT_TARGET = 13.0;
				LD_RUNPATH_SEARCH_PATHS = (
					"$(inherited)",
					"@executable_path/Frameworks",
				);
				MARKETING_VERSION = 1.0;
				PRODUCT_BUNDLE_IDENTIFIER = com.example.SwiftGames;
				PRODUCT_NAME = "$(TARGET_NAME)";
				PROVISIONING_PROFILE_SPECIFIER = "";
				SWIFT_EMIT_LOC_STRINGS = YES;
				SWIFT_VERSION = 5.0;
				TARGETED_DEVICE_FAMILY = "1,2";
			};
			name = Debug;
		};
		F423A6562BCC9B3E004DF427 /* Release */ = {
			isa = XCBuildConfiguration;
			buildSettings = {
				ASSETCATALOG_COMPILER_APPICON_NAME = AppIcon;
				ASSETCATALOG_COMPILER_GLOBAL_ACCENT_COLOR_NAME = AccentColor;
				CODE_SIGN_IDENTITY = "Apple Development";
				CODE_SIGN_STYLE = Manual;
				CURRENT_PROJECT_VERSION = 1;
				DEVELOPMENT_TEAM = "";
				GENERATE_INFOPLIST_FILE = YES;
				INFOPLIST_FILE = SwiftChess/Info.plist;
				INFOPLIST_KEY_LSApplicationCategoryType = "public.app-category.puzzle-games";
				INFOPLIST_KEY_UIApplicationSupportsIndirectInputEvents = YES;
				INFOPLIST_KEY_UILaunchStoryboardName = LaunchScreen;
				INFOPLIST_KEY_UISupportedInterfaceOrientations_iPad = "UIInterfaceOrientationPortrait UIInterfaceOrientationPortraitUpsideDown UIInterfaceOrientationLandscapeLeft UIInterfaceOrientationLandscapeRight";
				INFOPLIST_KEY_UISupportedInterfaceOrientations_iPhone = "UIInterfaceOrientationPortrait UIInterfaceOrientationLandscapeLeft UIInterfaceOrientationLandscapeRight";
				IPHONEOS_DEPLOYMENT_TARGET = 13.0;
				LD_RUNPATH_SEARCH_PATHS = (
					"$(inherited)",
					"@executable_path/Frameworks",
				);
				MARKETING_VERSION = 1.0;
				PRODUCT_BUNDLE_IDENTIFIER = com.example.SwiftGames;
				PRODUCT_NAME = "$(TARGET_NAME)";
				PROVISIONING_PROFILE_SPECIFIER = "";
				SWIFT_EMIT_LOC_STRINGS = YES;
				SWIFT_VERSION = 5.0;
				TARGETED_DEVICE_FAMILY = "1,2";
			};
			name = Release;
		};
		F423A6582BCC9B3E004DF427 /* Debug */ = {
			isa = XCBuildConfiguration;
			buildSettings = {
				ALWAYS_EMBED_SWIFT_STANDARD_LIBRARIES = YES;
				BUNDLE_LOADER = "$(TEST_HOST)";
				CODE_SIGN_STYLE = Manual;
				CURRENT_PROJECT_VERSION = 1;
				DEVELOPMENT_TEAM = "";
				GENERATE_INFOPLIST_FILE = YES;
				IPHONEOS_DEPLOYMENT_TARGET = 13.0;
				MARKETING_VERSION = 1.0;
				PRODUCT_BUNDLE_IDENTIFIER = "com.example.Swift-ChessTests";
				PRODUCT_NAME = "$(TARGET_NAME)";
				PROVISIONING_PROFILE_SPECIFIER = "";
				SWIFT_EMIT_LOC_STRINGS = NO;
				SWIFT_VERSION = 5.0;
				TARGETED_DEVICE_FAMILY = "1,2";
				TEST_HOST = "$(BUILT_PRODUCTS_DIR)/SwiftChess.app/$(BUNDLE_EXECUTABLE_FOLDER_PATH)/SwiftChess";
			};
			name = Debug;
		};
		F423A6592BCC9B3E004DF427 /* Release */ = {
			isa = XCBuildConfiguration;
			buildSettings = {
				ALWAYS_EMBED_SWIFT_STANDARD_LIBRARIES = YES;
				BUNDLE_LOADER = "$(TEST_HOST)";
				CODE_SIGN_STYLE = Manual;
				CURRENT_PROJECT_VERSION = 1;
				DEVELOPMENT_TEAM = "";
				GENERATE_INFOPLIST_FILE = YES;
				IPHONEOS_DEPLOYMENT_TARGET = 13.0;
				MARKETING_VERSION = 1.0;
				PRODUCT_BUNDLE_IDENTIFIER = "com.example.Swift-ChessTests";
				PRODUCT_NAME = "$(TARGET_NAME)";
				PROVISIONING_PROFILE_SPECIFIER = "";
				SWIFT_EMIT_LOC_STRINGS = NO;
				SWIFT_VERSION = 5.0;
				TARGETED_DEVICE_FAMILY = "1,2";
				TEST_HOST = "$(BUILT_PRODUCTS_DIR)/SwiftChess.app/$(BUNDLE_EXECUTABLE_FOLDER_PATH)/SwiftChess";
			};
			name = Release;
		};
		F423A65B2BCC9B3E004DF427 /* Debug */ = {
			isa = XCBuildConfiguration;
			buildSettings = {
				ALWAYS_EMBED_SWIFT_STANDARD_LIBRARIES = YES;
				CODE_SIGN_STYLE = Manual;
				CURRENT_PROJECT_VERSION = 1;
				DEVELOPMENT_TEAM = "";
				GENERATE_INFOPLIST_FILE = YES;
				IPHONEOS_DEPLOYMENT_TARGET = 13.0;
				MARKETING_VERSION = 1.0;
				PRODUCT_BUNDLE_IDENTIFIER = "com.example.Swift-ChessUITests";
				PRODUCT_NAME = "$(TARGET_NAME)";
				PROVISIONING_PROFILE_SPECIFIER = "";
				SWIFT_EMIT_LOC_STRINGS = NO;
				SWIFT_VERSION = 5.0;
				TARGETED_DEVICE_FAMILY = "1,2";
				TEST_TARGET_NAME = SwiftChess;
			};
			name = Debug;
		};
		F423A65C2BCC9B3E004DF427 /* Release */ = {
			isa = XCBuildConfiguration;
			buildSettings = {
				ALWAYS_EMBED_SWIFT_STANDARD_LIBRARIES = YES;
				CODE_SIGN_STYLE = Manual;
				CURRENT_PROJECT_VERSION = 1;
				DEVELOPMENT_TEAM = "";
				GENERATE_INFOPLIST_FILE = YES;
				IPHONEOS_DEPLOYMENT_TARGET = 13.0;
				MARKETING_VERSION = 1.0;
				PRODUCT_BUNDLE_IDENTIFIER = "com.example.Swift-ChessUITests";
				PRODUCT_NAME = "$(TARGET_NAME)";
				PROVISIONING_PROFILE_SPECIFIER = "";
				SWIFT_EMIT_LOC_STRINGS = NO;
				SWIFT_VERSION = 5.0;
				TARGETED_DEVICE_FAMILY = "1,2";
				TEST_TARGET_NAME = SwiftChess;
			};
			name = Release;
		};
/* End XCBuildConfiguration section */

/* Begin XCConfigurationList section */
		F423A6252BCC9B3B004DF427 /* Build configuration list for PBXProject "SwiftChess" */ = {
			isa = XCConfigurationList;
			buildConfigurations = (
				F423A6522BCC9B3E004DF427 /* Debug */,
				F423A6532BCC9B3E004DF427 /* Release */,
			);
			defaultConfigurationIsVisible = 0;
			defaultConfigurationName = Release;
		};
		F423A6542BCC9B3E004DF427 /* Build configuration list for PBXNativeTarget "SwiftChess" */ = {
			isa = XCConfigurationList;
			buildConfigurations = (
				F423A6552BCC9B3E004DF427 /* Debug */,
				F423A6562BCC9B3E004DF427 /* Release */,
			);
			defaultConfigurationIsVisible = 0;
			defaultConfigurationName = Release;
		};
		F423A6572BCC9B3E004DF427 /* Build configuration list for PBXNativeTarget "SwiftChessTests" */ = {
			isa = XCConfigurationList;
			buildConfigurations = (
				F423A6582BCC9B3E004DF427 /* Debug */,
				F423A6592BCC9B3E004DF427 /* Release */,
			);
			defaultConfigurationIsVisible = 0;
			defaultConfigurationName = Release;
		};
		F423A65A2BCC9B3E004DF427 /* Build configuration list for PBXNativeTarget "SwiftChessUITests" */ = {
			isa = XCConfigurationList;
			buildConfigurations = (
				F423A65B2BCC9B3E004DF427 /* Debug */,
				F423A65C2BCC9B3E004DF427 /* Release */,
			);
			defaultConfigurationIsVisible = 0;
			defaultConfigurationName = Release;
		};
/* End XCConfigurationList section */
	};
	rootObject = F423A6222BCC9B3B004DF427 /* Project object */;
}
