// !$*UTF8*$!
{
	archiveVersion = 1;
	classes = {
	};
	objectVersion = 56;
	objects = {

/* Begin PBXBuildFile section */
		4902EF222C894BA8001E488D /* SwiftUIGamesApp.swift in Sources */ = {isa = PBXBuildFile; fileRef = 4902EF212C894BA8001E488D /* SwiftUIGamesApp.swift */; };
		4902EF242C894BA8001E488D /* ChessBoardView.swift in Sources */ = {isa = PBXBuildFile; fileRef = 4902EF232C894BA8001E488D /* ChessBoardView.swift */; };
		4902EF282C894BA9001E488D /* Assets.xcassets in Resources */ = {isa = PBXBuildFile; fileRef = 4902EF272C894BA9001E488D /* Assets.xcassets */; };
		4902EF2B2C894BA9001E488D /* Preview Assets.xcassets in Resources */ = {isa = PBXBuildFile; fileRef = 4902EF2A2C894BA9001E488D /* Preview Assets.xcassets */; };
		4902EF352C894BA9001E488D /* SwiftUIGamesTests.swift in Sources */ = {isa = PBXBuildFile; fileRef = 4902EF342C894BA9001E488D /* SwiftUIGamesTests.swift */; };
		4902EF3F2C894BA9001E488D /* SwiftUIGamesUITests.swift in Sources */ = {isa = PBXBuildFile; fileRef = 4902EF3E2C894BA9001E488D /* SwiftUIGamesUITests.swift */; };
		4902EF412C894BA9001E488D /* SwiftUIGamesUITestsLaunchTests.swift in Sources */ = {isa = PBXBuildFile; fileRef = 4902EF402C894BA9001E488D /* SwiftUIGamesUITestsLaunchTests.swift */; };
		499F24632C8A7DCC00976C10 /* Piece.swift in Sources */ = {isa = PBXBuildFile; fileRef = 499F24622C8A7DCC00976C10 /* Piece.swift */; };
		499F24652C8A7E4F00976C10 /* Board.swift in Sources */ = {isa = PBXBuildFile; fileRef = 499F24642C8A7E4F00976C10 /* Board.swift */; };
		499F246C2C8A7F7800976C10 /* PieceTests.swift in Sources */ = {isa = PBXBuildFile; fileRef = 499F246A2C8A7F7800976C10 /* PieceTests.swift */; };
		499F246D2C8A7F7800976C10 /* BoardTests.swift in Sources */ = {isa = PBXBuildFile; fileRef = 499F246B2C8A7F7800976C10 /* BoardTests.swift */; };
		499F24712C8A804C00976C10 /* PieceExtension.swift in Sources */ = {isa = PBXBuildFile; fileRef = 499F24702C8A804C00976C10 /* PieceExtension.swift */; };
		49A6E6A12C8C093B008DAE30 /* GameView.swift in Sources */ = {isa = PBXBuildFile; fileRef = 49A6E6A02C8C093B008DAE30 /* GameView.swift */; };
		49A6E6A32C8C098F008DAE30 /* MainView.swift in Sources */ = {isa = PBXBuildFile; fileRef = 49A6E6A22C8C098F008DAE30 /* MainView.swift */; };
/* End PBXBuildFile section */

/* Begin PBXContainerItemProxy section */
		4902EF312C894BA9001E488D /* PBXContainerItemProxy */ = {
			isa = PBXContainerItemProxy;
			containerPortal = 4902EF162C894BA8001E488D /* Project object */;
			proxyType = 1;
			remoteGlobalIDString = 4902EF1D2C894BA8001E488D;
			remoteInfo = SwiftUIGames;
		};
		4902EF3B2C894BA9001E488D /* PBXContainerItemProxy */ = {
			isa = PBXContainerItemProxy;
			containerPortal = 4902EF162C894BA8001E488D /* Project object */;
			proxyType = 1;
			remoteGlobalIDString = 4902EF1D2C894BA8001E488D;
			remoteInfo = SwiftUIGames;
		};
/* End PBXContainerItemProxy section */

/* Begin PBXFileReference section */
		4902EF1E2C894BA8001E488D /* SwiftUIGames.app */ = {isa = PBXFileReference; explicitFileType = wrapper.application; includeInIndex = 0; path = SwiftUIGames.app; sourceTree = BUILT_PRODUCTS_DIR; };
		4902EF212C894BA8001E488D /* SwiftUIGamesApp.swift */ = {isa = PBXFileReference; lastKnownFileType = sourcecode.swift; path = SwiftUIGamesApp.swift; sourceTree = "<group>"; };
		4902EF232C894BA8001E488D /* ChessBoardView.swift */ = {isa = PBXFileReference; lastKnownFileType = sourcecode.swift; path = ChessBoardView.swift; sourceTree = "<group>"; };
		4902EF272C894BA9001E488D /* Assets.xcassets */ = {isa = PBXFileReference; lastKnownFileType = folder.assetcatalog; path = Assets.xcassets; sourceTree = "<group>"; };
		4902EF2A2C894BA9001E488D /* Preview Assets.xcassets */ = {isa = PBXFileReference; lastKnownFileType = folder.assetcatalog; path = "Preview Assets.xcassets"; sourceTree = "<group>"; };
		4902EF302C894BA9001E488D /* SwiftUIGamesTests.xctest */ = {isa = PBXFileReference; explicitFileType = wrapper.cfbundle; includeInIndex = 0; path = SwiftUIGamesTests.xctest; sourceTree = BUILT_PRODUCTS_DIR; };
		4902EF342C894BA9001E488D /* SwiftUIGamesTests.swift */ = {isa = PBXFileReference; lastKnownFileType = sourcecode.swift; path = SwiftUIGamesTests.swift; sourceTree = "<group>"; };
		4902EF3A2C894BA9001E488D /* SwiftUIGamesUITests.xctest */ = {isa = PBXFileReference; explicitFileType = wrapper.cfbundle; includeInIndex = 0; path = SwiftUIGamesUITests.xctest; sourceTree = BUILT_PRODUCTS_DIR; };
		4902EF3E2C894BA9001E488D /* SwiftUIGamesUITests.swift */ = {isa = PBXFileReference; lastKnownFileType = sourcecode.swift; path = SwiftUIGamesUITests.swift; sourceTree = "<group>"; };
		4902EF402C894BA9001E488D /* SwiftUIGamesUITestsLaunchTests.swift */ = {isa = PBXFileReference; lastKnownFileType = sourcecode.swift; path = SwiftUIGamesUITestsLaunchTests.swift; sourceTree = "<group>"; };
		499F24622C8A7DCC00976C10 /* Piece.swift */ = {isa = PBXFileReference; lastKnownFileType = sourcecode.swift; path = Piece.swift; sourceTree = "<group>"; };
		499F24642C8A7E4F00976C10 /* Board.swift */ = {isa = PBXFileReference; lastKnownFileType = sourcecode.swift; path = Board.swift; sourceTree = "<group>"; };
		499F246A2C8A7F7800976C10 /* PieceTests.swift */ = {isa = PBXFileReference; fileEncoding = 4; lastKnownFileType = sourcecode.swift; path = PieceTests.swift; sourceTree = "<group>"; };
		499F246B2C8A7F7800976C10 /* BoardTests.swift */ = {isa = PBXFileReference; fileEncoding = 4; lastKnownFileType = sourcecode.swift; path = BoardTests.swift; sourceTree = "<group>"; };
		499F24702C8A804C00976C10 /* PieceExtension.swift */ = {isa = PBXFileReference; fileEncoding = 4; lastKnownFileType = sourcecode.swift; path = PieceExtension.swift; sourceTree = "<group>"; };
		49A6E6A02C8C093B008DAE30 /* GameView.swift */ = {isa = PBXFileReference; lastKnownFileType = sourcecode.swift; path = GameView.swift; sourceTree = "<group>"; };
		49A6E6A22C8C098F008DAE30 /* MainView.swift */ = {isa = PBXFileReference; lastKnownFileType = sourcecode.swift; path = MainView.swift; sourceTree = "<group>"; };
		49A6E6A42C8CCCEF008DAE30 /* Info.plist */ = {isa = PBXFileReference; lastKnownFileType = text.plist; path = Info.plist; sourceTree = "<group>"; };
/* End PBXFileReference section */

/* Begin PBXFrameworksBuildPhase section */
		4902EF1B2C894BA8001E488D /* Frameworks */ = {
			isa = PBXFrameworksBuildPhase;
			buildActionMask = 2147483647;
			files = (
			);
			runOnlyForDeploymentPostprocessing = 0;
		};
		4902EF2D2C894BA9001E488D /* Frameworks */ = {
			isa = PBXFrameworksBuildPhase;
			buildActionMask = 2147483647;
			files = (
			);
			runOnlyForDeploymentPostprocessing = 0;
		};
		4902EF372C894BA9001E488D /* Frameworks */ = {
			isa = PBXFrameworksBuildPhase;
			buildActionMask = 2147483647;
			files = (
			);
			runOnlyForDeploymentPostprocessing = 0;
		};
/* End PBXFrameworksBuildPhase section */

/* Begin PBXGroup section */
		4902EF152C894BA8001E488D = {
			isa = PBXGroup;
			children = (
				4902EF202C894BA8001E488D /* SwiftUIGames */,
				4902EF332C894BA9001E488D /* SwiftUIGamesTests */,
				4902EF3D2C894BA9001E488D /* SwiftUIGamesUITests */,
				4902EF1F2C894BA8001E488D /* Products */,
			);
			sourceTree = "<group>";
		};
		4902EF1F2C894BA8001E488D /* Products */ = {
			isa = PBXGroup;
			children = (
				4902EF1E2C894BA8001E488D /* SwiftUIGames.app */,
				4902EF302C894BA9001E488D /* SwiftUIGamesTests.xctest */,
				4902EF3A2C894BA9001E488D /* SwiftUIGamesUITests.xctest */,
			);
			name = Products;
			sourceTree = "<group>";
		};
		4902EF202C894BA8001E488D /* SwiftUIGames */ = {
			isa = PBXGroup;
			children = (
				49A6E6A42C8CCCEF008DAE30 /* Info.plist */,
				499F246E2C8A7FA200976C10 /* Chess */,
				4902EF212C894BA8001E488D /* SwiftUIGamesApp.swift */,
				4902EF272C894BA9001E488D /* Assets.xcassets */,
				4902EF292C894BA9001E488D /* Preview Content */,
			);
			path = SwiftUIGames;
			sourceTree = "<group>";
		};
		4902EF292C894BA9001E488D /* Preview Content */ = {
			isa = PBXGroup;
			children = (
				4902EF2A2C894BA9001E488D /* Preview Assets.xcassets */,
			);
			path = "Preview Content";
			sourceTree = "<group>";
		};
		4902EF332C894BA9001E488D /* SwiftUIGamesTests */ = {
			isa = PBXGroup;
			children = (
				499F246F2C8A7FB500976C10 /* Chess */,
				4902EF342C894BA9001E488D /* SwiftUIGamesTests.swift */,
			);
			path = SwiftUIGamesTests;
			sourceTree = "<group>";
		};
		4902EF3D2C894BA9001E488D /* SwiftUIGamesUITests */ = {
			isa = PBXGroup;
			children = (
				4902EF3E2C894BA9001E488D /* SwiftUIGamesUITests.swift */,
				4902EF402C894BA9001E488D /* SwiftUIGamesUITestsLaunchTests.swift */,
			);
			path = SwiftUIGamesUITests;
			sourceTree = "<group>";
		};
		499F246E2C8A7FA200976C10 /* Chess */ = {
			isa = PBXGroup;
			children = (
				499F24702C8A804C00976C10 /* PieceExtension.swift */,
				4902EF232C894BA8001E488D /* ChessBoardView.swift */,
				499F24622C8A7DCC00976C10 /* Piece.swift */,
				499F24642C8A7E4F00976C10 /* Board.swift */,
				49A6E6A02C8C093B008DAE30 /* GameView.swift */,
				49A6E6A22C8C098F008DAE30 /* MainView.swift */,
			);
			path = Chess;
			sourceTree = "<group>";
		};
		499F246F2C8A7FB500976C10 /* Chess */ = {
			isa = PBXGroup;
			children = (
				499F246B2C8A7F7800976C10 /* BoardTests.swift */,
				499F246A2C8A7F7800976C10 /* PieceTests.swift */,
			);
			path = Chess;
			sourceTree = "<group>";
		};
/* End PBXGroup section */

/* Begin PBXNativeTarget section */
		4902EF1D2C894BA8001E488D /* SwiftUIGames */ = {
			isa = PBXNativeTarget;
			buildConfigurationList = 4902EF442C894BA9001E488D /* Build configuration list for PBXNativeTarget "SwiftUIGames" */;
			buildPhases = (
				4902EF1A2C894BA8001E488D /* Sources */,
				4902EF1B2C894BA8001E488D /* Frameworks */,
				4902EF1C2C894BA8001E488D /* Resources */,
			);
			buildRules = (
			);
			dependencies = (
			);
			name = SwiftUIGames;
			productName = SwiftUIGames;
			productReference = 4902EF1E2C894BA8001E488D /* SwiftUIGames.app */;
			productType = "com.apple.product-type.application";
		};
		4902EF2F2C894BA9001E488D /* SwiftUIGamesTests */ = {
			isa = PBXNativeTarget;
			buildConfigurationList = 4902EF472C894BA9001E488D /* Build configuration list for PBXNativeTarget "SwiftUIGamesTests" */;
			buildPhases = (
				4902EF2C2C894BA9001E488D /* Sources */,
				4902EF2D2C894BA9001E488D /* Frameworks */,
				4902EF2E2C894BA9001E488D /* Resources */,
			);
			buildRules = (
			);
			dependencies = (
				4902EF322C894BA9001E488D /* PBXTargetDependency */,
			);
			name = SwiftUIGamesTests;
			productName = SwiftUIGamesTests;
			productReference = 4902EF302C894BA9001E488D /* SwiftUIGamesTests.xctest */;
			productType = "com.apple.product-type.bundle.unit-test";
		};
		4902EF392C894BA9001E488D /* SwiftUIGamesUITests */ = {
			isa = PBXNativeTarget;
			buildConfigurationList = 4902EF4A2C894BA9001E488D /* Build configuration list for PBXNativeTarget "SwiftUIGamesUITests" */;
			buildPhases = (
				4902EF362C894BA9001E488D /* Sources */,
				4902EF372C894BA9001E488D /* Frameworks */,
				4902EF382C894BA9001E488D /* Resources */,
			);
			buildRules = (
			);
			dependencies = (
				4902EF3C2C894BA9001E488D /* PBXTargetDependency */,
			);
			name = SwiftUIGamesUITests;
			productName = SwiftUIGamesUITests;
			productReference = 4902EF3A2C894BA9001E488D /* SwiftUIGamesUITests.xctest */;
			productType = "com.apple.product-type.bundle.ui-testing";
		};
/* End PBXNativeTarget section */

/* Begin PBXProject section */
		4902EF162C894BA8001E488D /* Project object */ = {
			isa = PBXProject;
			attributes = {
				BuildIndependentTargetsInParallel = 1;
				LastSwiftUpdateCheck = 1540;
				LastUpgradeCheck = 1540;
				TargetAttributes = {
					4902EF1D2C894BA8001E488D = {
						CreatedOnToolsVersion = 15.4;
					};
					4902EF2F2C894BA9001E488D = {
						CreatedOnToolsVersion = 15.4;
						TestTargetID = 4902EF1D2C894BA8001E488D;
					};
					4902EF392C894BA9001E488D = {
						CreatedOnToolsVersion = 15.4;
						TestTargetID = 4902EF1D2C894BA8001E488D;
					};
				};
			};
			buildConfigurationList = 4902EF192C894BA8001E488D /* Build configuration list for PBXProject "SwiftUIGames" */;
			compatibilityVersion = "Xcode 14.0";
			developmentRegion = en;
			hasScannedForEncodings = 0;
			knownRegions = (
				en,
				Base,
			);
			mainGroup = 4902EF152C894BA8001E488D;
			productRefGroup = 4902EF1F2C894BA8001E488D /* Products */;
			projectDirPath = "";
			projectRoot = "";
			targets = (
				4902EF1D2C894BA8001E488D /* SwiftUIGames */,
				4902EF2F2C894BA9001E488D /* SwiftUIGamesTests */,
				4902EF392C894BA9001E488D /* SwiftUIGamesUITests */,
			);
		};
/* End PBXProject section */

/* Begin PBXResourcesBuildPhase section */
		4902EF1C2C894BA8001E488D /* Resources */ = {
			isa = PBXResourcesBuildPhase;
			buildActionMask = 2147483647;
			files = (
				4902EF2B2C894BA9001E488D /* Preview Assets.xcassets in Resources */,
				4902EF282C894BA9001E488D /* Assets.xcassets in Resources */,
			);
			runOnlyForDeploymentPostprocessing = 0;
		};
		4902EF2E2C894BA9001E488D /* Resources */ = {
			isa = PBXResourcesBuildPhase;
			buildActionMask = 2147483647;
			files = (
			);
			runOnlyForDeploymentPostprocessing = 0;
		};
		4902EF382C894BA9001E488D /* Resources */ = {
			isa = PBXResourcesBuildPhase;
			buildActionMask = 2147483647;
			files = (
			);
			runOnlyForDeploymentPostprocessing = 0;
		};
/* End PBXResourcesBuildPhase section */

/* Begin PBXSourcesBuildPhase section */
		4902EF1A2C894BA8001E488D /* Sources */ = {
			isa = PBXSourcesBuildPhase;
			buildActionMask = 2147483647;
			files = (
				499F24712C8A804C00976C10 /* PieceExtension.swift in Sources */,
				49A6E6A32C8C098F008DAE30 /* MainView.swift in Sources */,
				4902EF242C894BA8001E488D /* ChessBoardView.swift in Sources */,
				4902EF222C894BA8001E488D /* SwiftUIGamesApp.swift in Sources */,
				499F24652C8A7E4F00976C10 /* Board.swift in Sources */,
				49A6E6A12C8C093B008DAE30 /* GameView.swift in Sources */,
				499F24632C8A7DCC00976C10 /* Piece.swift in Sources */,
			);
			runOnlyForDeploymentPostprocessing = 0;
		};
		4902EF2C2C894BA9001E488D /* Sources */ = {
			isa = PBXSourcesBuildPhase;
			buildActionMask = 2147483647;
			files = (
				499F246C2C8A7F7800976C10 /* PieceTests.swift in Sources */,
				4902EF352C894BA9001E488D /* SwiftUIGamesTests.swift in Sources */,
				499F246D2C8A7F7800976C10 /* BoardTests.swift in Sources */,
			);
			runOnlyForDeploymentPostprocessing = 0;
		};
		4902EF362C894BA9001E488D /* Sources */ = {
			isa = PBXSourcesBuildPhase;
			buildActionMask = 2147483647;
			files = (
				4902EF412C894BA9001E488D /* SwiftUIGamesUITestsLaunchTests.swift in Sources */,
				4902EF3F2C894BA9001E488D /* SwiftUIGamesUITests.swift in Sources */,
			);
			runOnlyForDeploymentPostprocessing = 0;
		};
/* End PBXSourcesBuildPhase section */

/* Begin PBXTargetDependency section */
		4902EF322C894BA9001E488D /* PBXTargetDependency */ = {
			isa = PBXTargetDependency;
			target = 4902EF1D2C894BA8001E488D /* SwiftUIGames */;
			targetProxy = 4902EF312C894BA9001E488D /* PBXContainerItemProxy */;
		};
		4902EF3C2C894BA9001E488D /* PBXTargetDependency */ = {
			isa = PBXTargetDependency;
			target = 4902EF1D2C894BA8001E488D /* SwiftUIGames */;
			targetProxy = 4902EF3B2C894BA9001E488D /* PBXContainerItemProxy */;
		};
/* End PBXTargetDependency section */

/* Begin XCBuildConfiguration section */
		4902EF422C894BA9001E488D /* Debug */ = {
			isa = XCBuildConfiguration;
			buildSettings = {
				ALWAYS_SEARCH_USER_PATHS = NO;
				ASSETCATALOG_COMPILER_GENERATE_SWIFT_ASSET_SYMBOL_EXTENSIONS = YES;
				CLANG_ANALYZER_NONNULL = YES;
				CLANG_ANALYZER_NUMBER_OBJECT_CONVERSION = YES_AGGRESSIVE;
				CLANG_CXX_LANGUAGE_STANDARD = "gnu++20";
				CLANG_ENABLE_MODULES = YES;
				CLANG_ENABLE_OBJC_ARC = YES;
				CLANG_ENABLE_OBJC_WEAK = YES;
				CLANG_WARN_BLOCK_CAPTURE_AUTORELEASING = YES;
				CLANG_WARN_BOOL_CONVERSION = YES;
				CLANG_WARN_COMMA = YES;
				CLANG_WARN_CONSTANT_CONVERSION = YES;
				CLANG_WARN_DEPRECATED_OBJC_IMPLEMENTATIONS = YES;
				CLANG_WARN_DIRECT_OBJC_ISA_USAGE = YES_ERROR;
				CLANG_WARN_DOCUMENTATION_COMMENTS = YES;
				CLANG_WARN_EMPTY_BODY = YES;
				CLANG_WARN_ENUM_CONVERSION = YES;
				CLANG_WARN_INFINITE_RECURSION = YES;
				CLANG_WARN_INT_CONVERSION = YES;
				CLANG_WARN_NON_LITERAL_NULL_CONVERSION = YES;
				CLANG_WARN_OBJC_IMPLICIT_RETAIN_SELF = YES;
				CLANG_WARN_OBJC_LITERAL_CONVERSION = YES;
				CLANG_WARN_OBJC_ROOT_CLASS = YES_ERROR;
				CLANG_WARN_QUOTED_INCLUDE_IN_FRAMEWORK_HEADER = YES;
				CLANG_WARN_RANGE_LOOP_ANALYSIS = YES;
				CLANG_WARN_STRICT_PROTOTYPES = YES;
				CLANG_WARN_SUSPICIOUS_MOVE = YES;
				CLANG_WARN_UNGUARDED_AVAILABILITY = YES_AGGRESSIVE;
				CLANG_WARN_UNREACHABLE_CODE = YES;
				CLANG_WARN__DUPLICATE_METHOD_MATCH = YES;
				COPY_PHASE_STRIP = NO;
				DEBUG_INFORMATION_FORMAT = dwarf;
				ENABLE_STRICT_OBJC_MSGSEND = YES;
				ENABLE_TESTABILITY = YES;
				ENABLE_USER_SCRIPT_SANDBOXING = YES;
				GCC_C_LANGUAGE_STANDARD = gnu17;
				GCC_DYNAMIC_NO_PIC = NO;
				GCC_NO_COMMON_BLOCKS = YES;
				GCC_OPTIMIZATION_LEVEL = 0;
				GCC_PREPROCESSOR_DEFINITIONS = (
					"DEBUG=1",
					"$(inherited)",
				);
				GCC_WARN_64_TO_32_BIT_CONVERSION = YES;
				GCC_WARN_ABOUT_RETURN_TYPE = YES_ERROR;
				GCC_WARN_UNDECLARED_SELECTOR = YES;
				GCC_WARN_UNINITIALIZED_AUTOS = YES_AGGRESSIVE;
				GCC_WARN_UNUSED_FUNCTION = YES;
				GCC_WARN_UNUSED_VARIABLE = YES;
				IPHONEOS_DEPLOYMENT_TARGET = 15.0;
				LOCALIZATION_PREFERS_STRING_CATALOGS = YES;
				MTL_ENABLE_DEBUG_INFO = INCLUDE_SOURCE;
				MTL_FAST_MATH = YES;
				ONLY_ACTIVE_ARCH = YES;
				SDKROOT = iphoneos;
				SWIFT_ACTIVE_COMPILATION_CONDITIONS = "DEBUG $(inherited)";
				SWIFT_OPTIMIZATION_LEVEL = "-Onone";
			};
			name = Debug;
		};
		4902EF432C894BA9001E488D /* Release */ = {
			isa = XCBuildConfiguration;
			buildSettings = {
				ALWAYS_SEARCH_USER_PATHS = NO;
				ASSETCATALOG_COMPILER_GENERATE_SWIFT_ASSET_SYMBOL_EXTENSIONS = YES;
				CLANG_ANALYZER_NONNULL = YES;
				CLANG_ANALYZER_NUMBER_OBJECT_CONVERSION = YES_AGGRESSIVE;
				CLANG_CXX_LANGUAGE_STANDARD = "gnu++20";
				CLANG_ENABLE_MODULES = YES;
				CLANG_ENABLE_OBJC_ARC = YES;
				CLANG_ENABLE_OBJC_WEAK = YES;
				CLANG_WARN_BLOCK_CAPTURE_AUTORELEASING = YES;
				CLANG_WARN_BOOL_CONVERSION = YES;
				CLANG_WARN_COMMA = YES;
				CLANG_WARN_CONSTANT_CONVERSION = YES;
				CLANG_WARN_DEPRECATED_OBJC_IMPLEMENTATIONS = YES;
				CLANG_WARN_DIRECT_OBJC_ISA_USAGE = YES_ERROR;
				CLANG_WARN_DOCUMENTATION_COMMENTS = YES;
				CLANG_WARN_EMPTY_BODY = YES;
				CLANG_WARN_ENUM_CONVERSION = YES;
				CLANG_WARN_INFINITE_RECURSION = YES;
				CLANG_WARN_INT_CONVERSION = YES;
				CLANG_WARN_NON_LITERAL_NULL_CONVERSION = YES;
				CLANG_WARN_OBJC_IMPLICIT_RETAIN_SELF = YES;
				CLANG_WARN_OBJC_LITERAL_CONVERSION = YES;
				CLANG_WARN_OBJC_ROOT_CLASS = YES_ERROR;
				CLANG_WARN_QUOTED_INCLUDE_IN_FRAMEWORK_HEADER = YES;
				CLANG_WARN_RANGE_LOOP_ANALYSIS = YES;
				CLANG_WARN_STRICT_PROTOTYPES = YES;
				CLANG_WARN_SUSPICIOUS_MOVE = YES;
				CLANG_WARN_UNGUARDED_AVAILABILITY = YES_AGGRESSIVE;
				CLANG_WARN_UNREACHABLE_CODE = YES;
				CLANG_WARN__DUPLICATE_METHOD_MATCH = YES;
				COPY_PHASE_STRIP = NO;
				DEBUG_INFORMATION_FORMAT = "dwarf-with-dsym";
				ENABLE_NS_ASSERTIONS = NO;
				ENABLE_STRICT_OBJC_MSGSEND = YES;
				ENABLE_USER_SCRIPT_SANDBOXING = YES;
				GCC_C_LANGUAGE_STANDARD = gnu17;
				GCC_NO_COMMON_BLOCKS = YES;
				GCC_WARN_64_TO_32_BIT_CONVERSION = YES;
				GCC_WARN_ABOUT_RETURN_TYPE = YES_ERROR;
				GCC_WARN_UNDECLARED_SELECTOR = YES;
				GCC_WARN_UNINITIALIZED_AUTOS = YES_AGGRESSIVE;
				GCC_WARN_UNUSED_FUNCTION = YES;
				GCC_WARN_UNUSED_VARIABLE = YES;
				IPHONEOS_DEPLOYMENT_TARGET = 15.0;
				LOCALIZATION_PREFERS_STRING_CATALOGS = YES;
				MTL_ENABLE_DEBUG_INFO = NO;
				MTL_FAST_MATH = YES;
				SDKROOT = iphoneos;
				SWIFT_COMPILATION_MODE = wholemodule;
				VALIDATE_PRODUCT = YES;
			};
			name = Release;
		};
		4902EF452C894BA9001E488D /* Debug */ = {
			isa = XCBuildConfiguration;
			buildSettings = {
				ASSETCATALOG_COMPILER_APPICON_NAME = AppIcon;
				ASSETCATALOG_COMPILER_GLOBAL_ACCENT_COLOR_NAME = AccentColor;
				CODE_SIGN_STYLE = Manual;
				CURRENT_PROJECT_VERSION = 1;
				DEVELOPMENT_ASSET_PATHS = "\"SwiftUIGames/Preview Content\"";
				DEVELOPMENT_TEAM = "";
				ENABLE_PREVIEWS = YES;
				GENERATE_INFOPLIST_FILE = YES;
				INFOPLIST_FILE = SwiftUIGames/Info.plist;
				INFOPLIST_KEY_CFBundleDisplayName = "Swift Games";
				INFOPLIST_KEY_UIApplicationSceneManifest_Generation = YES;
				INFOPLIST_KEY_UIApplicationSupportsIndirectInputEvents = YES;
				INFOPLIST_KEY_UISupportedInterfaceOrientations_iPad = "UIInterfaceOrientationPortrait UIInterfaceOrientationPortraitUpsideDown UIInterfaceOrientationLandscapeLeft UIInterfaceOrientationLandscapeRight";
				INFOPLIST_KEY_UISupportedInterfaceOrientations_iPhone = "UIInterfaceOrientationPortrait UIInterfaceOrientationLandscapeLeft UIInterfaceOrientationLandscapeRight";
				LD_RUNPATH_SEARCH_PATHS = (
					"$(inherited)",
					"@executable_path/Frameworks",
				);
				MARKETING_VERSION = 1.0;
				PRODUCT_BUNDLE_IDENTIFIER = com.example.SwiftUIGames;
				PRODUCT_NAME = "$(TARGET_NAME)";
				PROVISIONING_PROFILE_SPECIFIER = "";
				SWIFT_EMIT_LOC_STRINGS = YES;
				SWIFT_VERSION = 5.0;
				TARGETED_DEVICE_FAMILY = "1,2";
			};
			name = Debug;
		};
		4902EF462C894BA9001E488D /* Release */ = {
			isa = XCBuildConfiguration;
			buildSettings = {
				ASSETCATALOG_COMPILER_APPICON_NAME = AppIcon;
				ASSETCATALOG_COMPILER_GLOBAL_ACCENT_COLOR_NAME = AccentColor;
				CODE_SIGN_STYLE = Manual;
				CURRENT_PROJECT_VERSION = 1;
				DEVELOPMENT_ASSET_PATHS = "\"SwiftUIGames/Preview Content\"";
				DEVELOPMENT_TEAM = "";
				ENABLE_PREVIEWS = YES;
				GENERATE_INFOPLIST_FILE = YES;
				INFOPLIST_FILE = SwiftUIGames/Info.plist;
				INFOPLIST_KEY_CFBundleDisplayName = "Swift Games";
				INFOPLIST_KEY_UIApplicationSceneManifest_Generation = YES;
				INFOPLIST_KEY_UIApplicationSupportsIndirectInputEvents = YES;
				INFOPLIST_KEY_UISupportedInterfaceOrientations_iPad = "UIInterfaceOrientationPortrait UIInterfaceOrientationPortraitUpsideDown UIInterfaceOrientationLandscapeLeft UIInterfaceOrientationLandscapeRight";
				INFOPLIST_KEY_UISupportedInterfaceOrientations_iPhone = "UIInterfaceOrientationPortrait UIInterfaceOrientationLandscapeLeft UIInterfaceOrientationLandscapeRight";
				LD_RUNPATH_SEARCH_PATHS = (
					"$(inherited)",
					"@executable_path/Frameworks",
				);
				MARKETING_VERSION = 1.0;
				PRODUCT_BUNDLE_IDENTIFIER = com.example.SwiftUIGames;
				PRODUCT_NAME = "$(TARGET_NAME)";
				PROVISIONING_PROFILE_SPECIFIER = "";
				SWIFT_EMIT_LOC_STRINGS = YES;
				SWIFT_VERSION = 5.0;
				TARGETED_DEVICE_FAMILY = "1,2";
			};
			name = Release;
		};
		4902EF482C894BA9001E488D /* Debug */ = {
			isa = XCBuildConfiguration;
			buildSettings = {
				ALWAYS_EMBED_SWIFT_STANDARD_LIBRARIES = YES;
				BUNDLE_LOADER = "$(TEST_HOST)";
				CODE_SIGN_STYLE = Manual;
				CURRENT_PROJECT_VERSION = 1;
				DEVELOPMENT_TEAM = "";
				GENERATE_INFOPLIST_FILE = YES;
				IPHONEOS_DEPLOYMENT_TARGET = 17.5;
				MARKETING_VERSION = 1.0;
				PRODUCT_BUNDLE_IDENTIFIER = com.example.SwiftUIGamesTests;
				PRODUCT_NAME = "$(TARGET_NAME)";
				PROVISIONING_PROFILE_SPECIFIER = "";
				SWIFT_EMIT_LOC_STRINGS = NO;
				SWIFT_VERSION = 5.0;
				TARGETED_DEVICE_FAMILY = "1,2";
				TEST_HOST = "$(BUILT_PRODUCTS_DIR)/SwiftUIGames.app/$(BUNDLE_EXECUTABLE_FOLDER_PATH)/SwiftUIGames";
			};
			name = Debug;
		};
		4902EF492C894BA9001E488D /* Release */ = {
			isa = XCBuildConfiguration;
			buildSettings = {
				ALWAYS_EMBED_SWIFT_STANDARD_LIBRARIES = YES;
				BUNDLE_LOADER = "$(TEST_HOST)";
				CODE_SIGN_STYLE = Manual;
				CURRENT_PROJECT_VERSION = 1;
				DEVELOPMENT_TEAM = "";
				GENERATE_INFOPLIST_FILE = YES;
				IPHONEOS_DEPLOYMENT_TARGET = 17.5;
				MARKETING_VERSION = 1.0;
				PRODUCT_BUNDLE_IDENTIFIER = com.example.SwiftUIGamesTests;
				PRODUCT_NAME = "$(TARGET_NAME)";
				PROVISIONING_PROFILE_SPECIFIER = "";
				SWIFT_EMIT_LOC_STRINGS = NO;
				SWIFT_VERSION = 5.0;
				TARGETED_DEVICE_FAMILY = "1,2";
				TEST_HOST = "$(BUILT_PRODUCTS_DIR)/SwiftUIGames.app/$(BUNDLE_EXECUTABLE_FOLDER_PATH)/SwiftUIGames";
			};
			name = Release;
		};
		4902EF4B2C894BA9001E488D /* Debug */ = {
			isa = XCBuildConfiguration;
			buildSettings = {
				ALWAYS_EMBED_SWIFT_STANDARD_LIBRARIES = YES;
				CODE_SIGN_STYLE = Manual;
				CURRENT_PROJECT_VERSION = 1;
				DEVELOPMENT_TEAM = "";
				GENERATE_INFOPLIST_FILE = YES;
				MARKETING_VERSION = 1.0;
				PRODUCT_BUNDLE_IDENTIFIER = com.example.SwiftUIGamesUITests;
				PRODUCT_NAME = "$(TARGET_NAME)";
				PROVISIONING_PROFILE_SPECIFIER = "";
				SWIFT_EMIT_LOC_STRINGS = NO;
				SWIFT_VERSION = 5.0;
				TARGETED_DEVICE_FAMILY = "1,2";
				TEST_TARGET_NAME = SwiftUIGames;
			};
			name = Debug;
		};
		4902EF4C2C894BA9001E488D /* Release */ = {
			isa = XCBuildConfiguration;
			buildSettings = {
				ALWAYS_EMBED_SWIFT_STANDARD_LIBRARIES = YES;
				CODE_SIGN_STYLE = Manual;
				CURRENT_PROJECT_VERSION = 1;
				DEVELOPMENT_TEAM = "";
				GENERATE_INFOPLIST_FILE = YES;
				MARKETING_VERSION = 1.0;
				PRODUCT_BUNDLE_IDENTIFIER = com.example.SwiftUIGamesUITests;
				PRODUCT_NAME = "$(TARGET_NAME)";
				PROVISIONING_PROFILE_SPECIFIER = "";
				SWIFT_EMIT_LOC_STRINGS = NO;
				SWIFT_VERSION = 5.0;
				TARGETED_DEVICE_FAMILY = "1,2";
				TEST_TARGET_NAME = SwiftUIGames;
			};
			name = Release;
		};
/* End XCBuildConfiguration section */

/* Begin XCConfigurationList section */
		4902EF192C894BA8001E488D /* Build configuration list for PBXProject "SwiftUIGames" */ = {
			isa = XCConfigurationList;
			buildConfigurations = (
				4902EF422C894BA9001E488D /* Debug */,
				4902EF432C894BA9001E488D /* Release */,
			);
			defaultConfigurationIsVisible = 0;
			defaultConfigurationName = Release;
		};
		4902EF442C894BA9001E488D /* Build configuration list for PBXNativeTarget "SwiftUIGames" */ = {
			isa = XCConfigurationList;
			buildConfigurations = (
				4902EF452C894BA9001E488D /* Debug */,
				4902EF462C894BA9001E488D /* Release */,
			);
			defaultConfigurationIsVisible = 0;
			defaultConfigurationName = Release;
		};
		4902EF472C894BA9001E488D /* Build configuration list for PBXNativeTarget "SwiftUIGamesTests" */ = {
			isa = XCConfigurationList;
			buildConfigurations = (
				4902EF482C894BA9001E488D /* Debug */,
				4902EF492C894BA9001E488D /* Release */,
			);
			defaultConfigurationIsVisible = 0;
			defaultConfigurationName = Release;
		};
		4902EF4A2C894BA9001E488D /* Build configuration list for PBXNativeTarget "SwiftUIGamesUITests" */ = {
			isa = XCConfigurationList;
			buildConfigurations = (
				4902EF4B2C894BA9001E488D /* Debug */,
				4902EF4C2C894BA9001E488D /* Release */,
			);
			defaultConfigurationIsVisible = 0;
			defaultConfigurationName = Release;
		};
/* End XCConfigurationList section */
	};
	rootObject = 4902EF162C894BA8001E488D /* Project object */;
}
