// !$*UTF8*$!
{
	archiveVersion = 1;
	classes = {
	};
	objectVersion = 56;
	objects = {

/* Begin PBXBuildFile section */
		4914F78B2C87CA4500D955A5 /* SwiftGamesUITestsLaunchTests.swift in Sources */ = {isa = PBXBuildFile; fileRef = 4914F7892C87CA4500D955A5 /* SwiftGamesUITestsLaunchTests.swift */; };
		4914F78C2C87CA4500D955A5 /* SwiftGamesUITests.swift in Sources */ = {isa = PBXBuildFile; fileRef = 4914F78A2C87CA4500D955A5 /* SwiftGamesUITests.swift */; };
		4914F7902C87CA9500D955A5 /* SwiftGamesTests.swift in Sources */ = {isa = PBXBuildFile; fileRef = 4914F78F2C87CA9500D955A5 /* SwiftGamesTests.swift */; };
		4914F7912C87CCB700D955A5 /* PieceTests.swift in Sources */ = {isa = PBXBuildFile; fileRef = F423A6612BCC9D02004DF427 /* PieceTests.swift */; };
		4914F7922C87CCBA00D955A5 /* BoardTests.swift in Sources */ = {isa = PBXBuildFile; fileRef = F41016282BD195B400E55A2C /* BoardTests.swift */; };
		4914F7932C87CCBD00D955A5 /* BoardViewTests.swift in Sources */ = {isa = PBXBuildFile; fileRef = F45F2F092BD70C2600C0BC02 /* BoardViewTests.swift */; };
		4914F7942C87CCC000D955A5 /* PieceViewTests.swift in Sources */ = {isa = PBXBuildFile; fileRef = 49849B9C2C8416CD0011C3D2 /* PieceViewTests.swift */; };
		4914F7972C87D7E100D955A5 /* ChessViewController.swift in Sources */ = {isa = PBXBuildFile; fileRef = 4914F7962C87D7E100D955A5 /* ChessViewController.swift */; };
		49849B9F2C8419710011C3D2 /* PieceExtension.swift in Sources */ = {isa = PBXBuildFile; fileRef = 49849B9E2C8419710011C3D2 /* PieceExtension.swift */; };
		49A89A532C87FBDF00F8ED78 /* GameCell.swift in Sources */ = {isa = PBXBuildFile; fileRef = 49A89A522C87FBDF00F8ED78 /* GameCell.swift */; };
		49D357082C7AD2FC005DBDDC /* PieceView.swift in Sources */ = {isa = PBXBuildFile; fileRef = 49D357072C7AD2FC005DBDDC /* PieceView.swift */; };
		F41016272BD1959300E55A2C /* Board.swift in Sources */ = {isa = PBXBuildFile; fileRef = F41016262BD1959300E55A2C /* Board.swift */; };
		F423A62E2BCC9B3B004DF427 /* AppDelegate.swift in Sources */ = {isa = PBXBuildFile; fileRef = F423A62D2BCC9B3B004DF427 /* AppDelegate.swift */; };
		F423A6302BCC9B3B004DF427 /* SceneDelegate.swift in Sources */ = {isa = PBXBuildFile; fileRef = F423A62F2BCC9B3B004DF427 /* SceneDelegate.swift */; };
		F423A6322BCC9B3B004DF427 /* MainViewController.swift in Sources */ = {isa = PBXBuildFile; fileRef = F423A6312BCC9B3B004DF427 /* MainViewController.swift */; };
		F423A6372BCC9B3D004DF427 /* Assets.xcassets in Resources */ = {isa = PBXBuildFile; fileRef = F423A6362BCC9B3D004DF427 /* Assets.xcassets */; };
		F423A63A2BCC9B3D004DF427 /* LaunchScreen.storyboard in Resources */ = {isa = PBXBuildFile; fileRef = F423A6382BCC9B3D004DF427 /* LaunchScreen.storyboard */; };
		F423A65F2BCC9C77004DF427 /* Piece.swift in Sources */ = {isa = PBXBuildFile; fileRef = F423A65E2BCC9C77004DF427 /* Piece.swift */; };
		F45F2F072BD70BB000C0BC02 /* BoardView.swift in Sources */ = {isa = PBXBuildFile; fileRef = F45F2F062BD70BB000C0BC02 /* BoardView.swift */; };
/* End PBXBuildFile section */

/* Begin PBXContainerItemProxy section */
		4914F7722C87C7B700D955A5 /* PBXContainerItemProxy */ = {
			isa = PBXContainerItemProxy;
			containerPortal = F423A6222BCC9B3B004DF427 /* Project object */;
			proxyType = 1;
			remoteGlobalIDString = F423A6292BCC9B3B004DF427;
			remoteInfo = SwiftGames;
		};
		4914F7812C87C7DE00D955A5 /* PBXContainerItemProxy */ = {
			isa = PBXContainerItemProxy;
			containerPortal = F423A6222BCC9B3B004DF427 /* Project object */;
			proxyType = 1;
			remoteGlobalIDString = F423A6292BCC9B3B004DF427;
			remoteInfo = SwiftGames;
		};
/* End PBXContainerItemProxy section */

/* Begin PBXFileReference section */
		4914F76E2C87C7B700D955A5 /* SwiftGamesTests.xctest */ = {isa = PBXFileReference; explicitFileType = wrapper.cfbundle; includeInIndex = 0; path = SwiftGamesTests.xctest; sourceTree = BUILT_PRODUCTS_DIR; };
		4914F77B2C87C7DE00D955A5 /* SwiftGamesUITests.xctest */ = {isa = PBXFileReference; explicitFileType = wrapper.cfbundle; includeInIndex = 0; path = SwiftGamesUITests.xctest; sourceTree = BUILT_PRODUCTS_DIR; };
		4914F7892C87CA4500D955A5 /* SwiftGamesUITestsLaunchTests.swift */ = {isa = PBXFileReference; fileEncoding = 4; lastKnownFileType = sourcecode.swift; path = SwiftGamesUITestsLaunchTests.swift; sourceTree = "<group>"; };
		4914F78A2C87CA4500D955A5 /* SwiftGamesUITests.swift */ = {isa = PBXFileReference; fileEncoding = 4; lastKnownFileType = sourcecode.swift; path = SwiftGamesUITests.swift; sourceTree = "<group>"; };
		4914F78F2C87CA9500D955A5 /* SwiftGamesTests.swift */ = {isa = PBXFileReference; fileEncoding = 4; lastKnownFileType = sourcecode.swift; path = SwiftGamesTests.swift; sourceTree = "<group>"; };
		4914F7962C87D7E100D955A5 /* ChessViewController.swift */ = {isa = PBXFileReference; lastKnownFileType = sourcecode.swift; path = ChessViewController.swift; sourceTree = "<group>"; };
		49849B9C2C8416CD0011C3D2 /* PieceViewTests.swift */ = {isa = PBXFileReference; lastKnownFileType = sourcecode.swift; path = PieceViewTests.swift; sourceTree = "<group>"; };
		49849B9E2C8419710011C3D2 /* PieceExtension.swift */ = {isa = PBXFileReference; lastKnownFileType = sourcecode.swift; path = PieceExtension.swift; sourceTree = "<group>"; };
		49A89A522C87FBDF00F8ED78 /* GameCell.swift */ = {isa = PBXFileReference; lastKnownFileType = sourcecode.swift; path = GameCell.swift; sourceTree = "<group>"; };
		49CB27F02C87C08C00DE87E6 /* SwiftGames.xctestplan */ = {isa = PBXFileReference; lastKnownFileType = text; path = SwiftGames.xctestplan; sourceTree = "<group>"; };
		49D357072C7AD2FC005DBDDC /* PieceView.swift */ = {isa = PBXFileReference; lastKnownFileType = sourcecode.swift; path = PieceView.swift; sourceTree = "<group>"; };
		F41016262BD1959300E55A2C /* Board.swift */ = {isa = PBXFileReference; lastKnownFileType = sourcecode.swift; path = Board.swift; sourceTree = "<group>"; };
		F41016282BD195B400E55A2C /* BoardTests.swift */ = {isa = PBXFileReference; lastKnownFileType = sourcecode.swift; path = BoardTests.swift; sourceTree = "<group>"; };
		F423A62A2BCC9B3B004DF427 /* SwiftGames.app */ = {isa = PBXFileReference; explicitFileType = wrapper.application; includeInIndex = 0; path = SwiftGames.app; sourceTree = BUILT_PRODUCTS_DIR; };
		F423A62D2BCC9B3B004DF427 /* AppDelegate.swift */ = {isa = PBXFileReference; lastKnownFileType = sourcecode.swift; path = AppDelegate.swift; sourceTree = "<group>"; };
		F423A62F2BCC9B3B004DF427 /* SceneDelegate.swift */ = {isa = PBXFileReference; lastKnownFileType = sourcecode.swift; path = SceneDelegate.swift; sourceTree = "<group>"; };
		F423A6312BCC9B3B004DF427 /* MainViewController.swift */ = {isa = PBXFileReference; lastKnownFileType = sourcecode.swift; path = MainViewController.swift; sourceTree = "<group>"; };
		F423A6362BCC9B3D004DF427 /* Assets.xcassets */ = {isa = PBXFileReference; lastKnownFileType = folder.assetcatalog; path = Assets.xcassets; sourceTree = "<group>"; };
		F423A6392BCC9B3D004DF427 /* Base */ = {isa = PBXFileReference; lastKnownFileType = file.storyboard; name = Base; path = Base.lproj/LaunchScreen.storyboard; sourceTree = "<group>"; };
		F423A63B2BCC9B3D004DF427 /* Info.plist */ = {isa = PBXFileReference; lastKnownFileType = text.plist.xml; path = Info.plist; sourceTree = "<group>"; };
		F423A65E2BCC9C77004DF427 /* Piece.swift */ = {isa = PBXFileReference; lastKnownFileType = sourcecode.swift; path = Piece.swift; sourceTree = "<group>"; };
		F423A6612BCC9D02004DF427 /* PieceTests.swift */ = {isa = PBXFileReference; lastKnownFileType = sourcecode.swift; path = PieceTests.swift; sourceTree = "<group>"; };
		F45F2F062BD70BB000C0BC02 /* BoardView.swift */ = {isa = PBXFileReference; lastKnownFileType = sourcecode.swift; path = BoardView.swift; sourceTree = "<group>"; };
		F45F2F092BD70C2600C0BC02 /* BoardViewTests.swift */ = {isa = PBXFileReference; lastKnownFileType = sourcecode.swift; path = BoardViewTests.swift; sourceTree = "<group>"; };
/* End PBXFileReference section */

/* Begin PBXFrameworksBuildPhase section */
		4914F76B2C87C7B700D955A5 /* Frameworks */ = {
			isa = PBXFrameworksBuildPhase;
			buildActionMask = 2147483647;
			files = (
			);
			runOnlyForDeploymentPostprocessing = 0;
		};
		4914F7782C87C7DE00D955A5 /* Frameworks */ = {
			isa = PBXFrameworksBuildPhase;
			buildActionMask = 2147483647;
			files = (
			);
			runOnlyForDeploymentPostprocessing = 0;
		};
		F423A6272BCC9B3B004DF427 /* Frameworks */ = {
			isa = PBXFrameworksBuildPhase;
			buildActionMask = 2147483647;
			files = (
			);
			runOnlyForDeploymentPostprocessing = 0;
		};
/* End PBXFrameworksBuildPhase section */

/* Begin PBXGroup section */
		4914F7882C87CA2F00D955A5 /* SwiftGamesUITests */ = {
			isa = PBXGroup;
			children = (
				4914F78A2C87CA4500D955A5 /* SwiftGamesUITests.swift */,
				4914F7892C87CA4500D955A5 /* SwiftGamesUITestsLaunchTests.swift */,
			);
			path = SwiftGamesUITests;
			sourceTree = "<group>";
		};
		4914F7952C87D7AB00D955A5 /* Controller */ = {
			isa = PBXGroup;
			children = (
				4914F7962C87D7E100D955A5 /* ChessViewController.swift */,
			);
			path = Controller;
			sourceTree = "<group>";
		};
		49A89A512C87FB9700F8ED78 /* Main */ = {
			isa = PBXGroup;
			children = (
				F423A6312BCC9B3B004DF427 /* MainViewController.swift */,
				49A89A522C87FBDF00F8ED78 /* GameCell.swift */,
			);
			path = Main;
			sourceTree = "<group>";
		};
		49CB27F12C87C4CB00DE87E6 /* Chess */ = {
			isa = PBXGroup;
			children = (
				4914F7952C87D7AB00D955A5 /* Controller */,
				F423A65D2BCC9BE3004DF427 /* Classes */,
				F45F2F052BD70B7000C0BC02 /* Views */,
			);
			path = Chess;
			sourceTree = "<group>";
		};
		49CB27F22C87C4EA00DE87E6 /* Chess */ = {
			isa = PBXGroup;
			children = (
				F423A6602BCC9CDC004DF427 /* Classes */,
				F45F2F082BD70C0500C0BC02 /* Views */,
			);
			path = Chess;
			sourceTree = "<group>";
		};
		F423A6212BCC9B3B004DF427 = {
			isa = PBXGroup;
			children = (
				49CB27F02C87C08C00DE87E6 /* SwiftGames.xctestplan */,
				F423A62C2BCC9B3B004DF427 /* SwiftGames */,
				F423A6432BCC9B3E004DF427 /* SwiftGamesTests */,
				4914F7882C87CA2F00D955A5 /* SwiftGamesUITests */,
				F423A62B2BCC9B3B004DF427 /* Products */,
			);
			sourceTree = "<group>";
		};
		F423A62B2BCC9B3B004DF427 /* Products */ = {
			isa = PBXGroup;
			children = (
				F423A62A2BCC9B3B004DF427 /* SwiftGames.app */,
				4914F76E2C87C7B700D955A5 /* SwiftGamesTests.xctest */,
				4914F77B2C87C7DE00D955A5 /* SwiftGamesUITests.xctest */,
			);
			name = Products;
			sourceTree = "<group>";
		};
		F423A62C2BCC9B3B004DF427 /* SwiftGames */ = {
			isa = PBXGroup;
			children = (
				49A89A512C87FB9700F8ED78 /* Main */,
				49CB27F12C87C4CB00DE87E6 /* Chess */,
				F423A62D2BCC9B3B004DF427 /* AppDelegate.swift */,
				F423A62F2BCC9B3B004DF427 /* SceneDelegate.swift */,
				F423A6362BCC9B3D004DF427 /* Assets.xcassets */,
				F423A6382BCC9B3D004DF427 /* LaunchScreen.storyboard */,
				F423A63B2BCC9B3D004DF427 /* Info.plist */,
			);
			path = SwiftGames;
			sourceTree = "<group>";
		};
		F423A6432BCC9B3E004DF427 /* SwiftGamesTests */ = {
			isa = PBXGroup;
			children = (
				49CB27F22C87C4EA00DE87E6 /* Chess */,
				4914F78F2C87CA9500D955A5 /* SwiftGamesTests.swift */,
			);
			path = SwiftGamesTests;
			sourceTree = "<group>";
		};
		F423A65D2BCC9BE3004DF427 /* Classes */ = {
			isa = PBXGroup;
			children = (
				F423A65E2BCC9C77004DF427 /* Piece.swift */,
				F41016262BD1959300E55A2C /* Board.swift */,
			);
			path = Classes;
			sourceTree = "<group>";
		};
		F423A6602BCC9CDC004DF427 /* Classes */ = {
			isa = PBXGroup;
			children = (
				F423A6612BCC9D02004DF427 /* PieceTests.swift */,
				F41016282BD195B400E55A2C /* BoardTests.swift */,
			);
			path = Classes;
			sourceTree = "<group>";
		};
		F45F2F052BD70B7000C0BC02 /* Views */ = {
			isa = PBXGroup;
			children = (
				F45F2F062BD70BB000C0BC02 /* BoardView.swift */,
				49D357072C7AD2FC005DBDDC /* PieceView.swift */,
				49849B9E2C8419710011C3D2 /* PieceExtension.swift */,
			);
			path = Views;
			sourceTree = "<group>";
		};
		F45F2F082BD70C0500C0BC02 /* Views */ = {
			isa = PBXGroup;
			children = (
				F45F2F092BD70C2600C0BC02 /* BoardViewTests.swift */,
				49849B9C2C8416CD0011C3D2 /* PieceViewTests.swift */,
			);
			path = Views;
			sourceTree = "<group>";
		};
/* End PBXGroup section */

/* Begin PBXNativeTarget section */
		4914F76D2C87C7B700D955A5 /* SwiftGamesTests */ = {
			isa = PBXNativeTarget;
			buildConfigurationList = 4914F7742C87C7B700D955A5 /* Build configuration list for PBXNativeTarget "SwiftGamesTests" */;
			buildPhases = (
				4914F76A2C87C7B700D955A5 /* Sources */,
				4914F76B2C87C7B700D955A5 /* Frameworks */,
				4914F76C2C87C7B700D955A5 /* Resources */,
			);
			buildRules = (
			);
			dependencies = (
				4914F7732C87C7B700D955A5 /* PBXTargetDependency */,
			);
			name = SwiftGamesTests;
			productName = SwiftGamesTests;
			productReference = 4914F76E2C87C7B700D955A5 /* SwiftGamesTests.xctest */;
			productType = "com.apple.product-type.bundle.unit-test";
		};
		4914F77A2C87C7DE00D955A5 /* SwiftGamesUITests */ = {
			isa = PBXNativeTarget;
			buildConfigurationList = 4914F7832C87C7DE00D955A5 /* Build configuration list for PBXNativeTarget "SwiftGamesUITests" */;
			buildPhases = (
				4914F7772C87C7DE00D955A5 /* Sources */,
				4914F7782C87C7DE00D955A5 /* Frameworks */,
				4914F7792C87C7DE00D955A5 /* Resources */,
			);
			buildRules = (
			);
			dependencies = (
				4914F7822C87C7DE00D955A5 /* PBXTargetDependency */,
			);
			name = SwiftGamesUITests;
			productName = SwiftGamesUITests;
			productReference = 4914F77B2C87C7DE00D955A5 /* SwiftGamesUITests.xctest */;
			productType = "com.apple.product-type.bundle.ui-testing";
		};
		F423A6292BCC9B3B004DF427 /* SwiftGames */ = {
			isa = PBXNativeTarget;
			buildConfigurationList = F423A6542BCC9B3E004DF427 /* Build configuration list for PBXNativeTarget "SwiftGames" */;
			buildPhases = (
				F423A6262BCC9B3B004DF427 /* Sources */,
				F423A6272BCC9B3B004DF427 /* Frameworks */,
				F423A6282BCC9B3B004DF427 /* Resources */,
			);
			buildRules = (
			);
			dependencies = (
			);
			name = SwiftGames;
			productName = SwiftChess;
			productReference = F423A62A2BCC9B3B004DF427 /* SwiftGames.app */;
			productType = "com.apple.product-type.application";
		};
/* End PBXNativeTarget section */

/* Begin PBXProject section */
		F423A6222BCC9B3B004DF427 /* Project object */ = {
			isa = PBXProject;
			attributes = {
				BuildIndependentTargetsInParallel = 1;
				LastSwiftUpdateCheck = 1540;
				LastUpgradeCheck = 1520;
				TargetAttributes = {
					4914F76D2C87C7B700D955A5 = {
						CreatedOnToolsVersion = 15.4;
						LastSwiftMigration = 1540;
						TestTargetID = F423A6292BCC9B3B004DF427;
					};
					4914F77A2C87C7DE00D955A5 = {
						CreatedOnToolsVersion = 15.4;
						LastSwiftMigration = 1540;
						TestTargetID = F423A6292BCC9B3B004DF427;
					};
					F423A6292BCC9B3B004DF427 = {
						CreatedOnToolsVersion = 15.2;
					};
				};
			};
			buildConfigurationList = F423A6252BCC9B3B004DF427 /* Build configuration list for PBXProject "SwiftGames" */;
			compatibilityVersion = "Xcode 14.0";
			developmentRegion = en;
			hasScannedForEncodings = 0;
			knownRegions = (
				en,
				Base,
			);
			mainGroup = F423A6212BCC9B3B004DF427;
			productRefGroup = F423A62B2BCC9B3B004DF427 /* Products */;
			projectDirPath = "";
			projectRoot = "";
			targets = (
				F423A6292BCC9B3B004DF427 /* SwiftGames */,
				4914F76D2C87C7B700D955A5 /* SwiftGamesTests */,
				4914F77A2C87C7DE00D955A5 /* SwiftGamesUITests */,
			);
		};
/* End PBXProject section */

/* Begin PBXResourcesBuildPhase section */
		4914F76C2C87C7B700D955A5 /* Resources */ = {
			isa = PBXResourcesBuildPhase;
			buildActionMask = 2147483647;
			files = (
			);
			runOnlyForDeploymentPostprocessing = 0;
		};
		4914F7792C87C7DE00D955A5 /* Resources */ = {
			isa = PBXResourcesBuildPhase;
			buildActionMask = 2147483647;
			files = (
			);
			runOnlyForDeploymentPostprocessing = 0;
		};
		F423A6282BCC9B3B004DF427 /* Resources */ = {
			isa = PBXResourcesBuildPhase;
			buildActionMask = 2147483647;
			files = (
				F423A63A2BCC9B3D004DF427 /* LaunchScreen.storyboard in Resources */,
				F423A6372BCC9B3D004DF427 /* Assets.xcassets in Resources */,
			);
			runOnlyForDeploymentPostprocessing = 0;
		};
/* End PBXResourcesBuildPhase section */

/* Begin PBXSourcesBuildPhase section */
		4914F76A2C87C7B700D955A5 /* Sources */ = {
			isa = PBXSourcesBuildPhase;
			buildActionMask = 2147483647;
			files = (
				4914F7912C87CCB700D955A5 /* PieceTests.swift in Sources */,
				4914F7942C87CCC000D955A5 /* PieceViewTests.swift in Sources */,
				4914F7932C87CCBD00D955A5 /* BoardViewTests.swift in Sources */,
				4914F7902C87CA9500D955A5 /* SwiftGamesTests.swift in Sources */,
				4914F7922C87CCBA00D955A5 /* BoardTests.swift in Sources */,
			);
			runOnlyForDeploymentPostprocessing = 0;
		};
		4914F7772C87C7DE00D955A5 /* Sources */ = {
			isa = PBXSourcesBuildPhase;
			buildActionMask = 2147483647;
			files = (
				4914F78B2C87CA4500D955A5 /* SwiftGamesUITestsLaunchTests.swift in Sources */,
				4914F78C2C87CA4500D955A5 /* SwiftGamesUITests.swift in Sources */,
			);
			runOnlyForDeploymentPostprocessing = 0;
		};
		F423A6262BCC9B3B004DF427 /* Sources */ = {
			isa = PBXSourcesBuildPhase;
			buildActionMask = 2147483647;
			files = (
				F45F2F072BD70BB000C0BC02 /* BoardView.swift in Sources */,
				F423A65F2BCC9C77004DF427 /* Piece.swift in Sources */,
				49849B9F2C8419710011C3D2 /* PieceExtension.swift in Sources */,
				49D357082C7AD2FC005DBDDC /* PieceView.swift in Sources */,
				F423A6322BCC9B3B004DF427 /* MainViewController.swift in Sources */,
				49A89A532C87FBDF00F8ED78 /* GameCell.swift in Sources */,
				4914F7972C87D7E100D955A5 /* ChessViewController.swift in Sources */,
				F41016272BD1959300E55A2C /* Board.swift in Sources */,
				F423A62E2BCC9B3B004DF427 /* AppDelegate.swift in Sources */,
				F423A6302BCC9B3B004DF427 /* SceneDelegate.swift in Sources */,
			);
			runOnlyForDeploymentPostprocessing = 0;
		};
/* End PBXSourcesBuildPhase section */

/* Begin PBXTargetDependency section */
		4914F7732C87C7B700D955A5 /* PBXTargetDependency */ = {
			isa = PBXTargetDependency;
			target = F423A6292BCC9B3B004DF427 /* SwiftGames */;
			targetProxy = 4914F7722C87C7B700D955A5 /* PBXContainerItemProxy */;
		};
		4914F7822C87C7DE00D955A5 /* PBXTargetDependency */ = {
			isa = PBXTargetDependency;
			target = F423A6292BCC9B3B004DF427 /* SwiftGames */;
			targetProxy = 4914F7812C87C7DE00D955A5 /* PBXContainerItemProxy */;
		};
/* End PBXTargetDependency section */

/* Begin PBXVariantGroup section */
		F423A6382BCC9B3D004DF427 /* LaunchScreen.storyboard */ = {
			isa = PBXVariantGroup;
			children = (
				F423A6392BCC9B3D004DF427 /* Base */,
			);
			name = LaunchScreen.storyboard;
			sourceTree = "<group>";
		};
/* End PBXVariantGroup section */

/* Begin XCBuildConfiguration section */
		4914F7752C87C7B700D955A5 /* Debug */ = {
			isa = XCBuildConfiguration;
			buildSettings = {
				BUNDLE_LOADER = "$(TEST_HOST)";
				CLANG_ENABLE_MODULES = YES;
				CODE_SIGN_STYLE = Automatic;
				CURRENT_PROJECT_VERSION = 1;
				DEVELOPMENT_TEAM = 2FQBYA7PMR;
				GENERATE_INFOPLIST_FILE = YES;
				IPHONEOS_DEPLOYMENT_TARGET = 13.0;
				MARKETING_VERSION = 1.0;
				PRODUCT_BUNDLE_IDENTIFIER = com.mduranx64.SwiftGamesTests;
				PRODUCT_NAME = "$(TARGET_NAME)";
				SWIFT_EMIT_LOC_STRINGS = NO;
				SWIFT_OPTIMIZATION_LEVEL = "-Onone";
				SWIFT_VERSION = 5.0;
				TARGETED_DEVICE_FAMILY = "1,2";
				TEST_HOST = "$(BUILT_PRODUCTS_DIR)/SwiftGames.app/$(BUNDLE_EXECUTABLE_FOLDER_PATH)/SwiftGames";
			};
			name = Debug;
		};
		4914F7762C87C7B700D955A5 /* Release */ = {
			isa = XCBuildConfiguration;
			buildSettings = {
				BUNDLE_LOADER = "$(TEST_HOST)";
				CLANG_ENABLE_MODULES = YES;
				CODE_SIGN_STYLE = Automatic;
				CURRENT_PROJECT_VERSION = 1;
				DEVELOPMENT_TEAM = 2FQBYA7PMR;
				GENERATE_INFOPLIST_FILE = YES;
				IPHONEOS_DEPLOYMENT_TARGET = 13.0;
				MARKETING_VERSION = 1.0;
				PRODUCT_BUNDLE_IDENTIFIER = com.mduranx64.SwiftGamesTests;
				PRODUCT_NAME = "$(TARGET_NAME)";
				SWIFT_EMIT_LOC_STRINGS = NO;
				SWIFT_VERSION = 5.0;
				TARGETED_DEVICE_FAMILY = "1,2";
				TEST_HOST = "$(BUILT_PRODUCTS_DIR)/SwiftGames.app/$(BUNDLE_EXECUTABLE_FOLDER_PATH)/SwiftGames";
			};
			name = Release;
		};
		4914F7842C87C7DE00D955A5 /* Debug */ = {
			isa = XCBuildConfiguration;
			buildSettings = {
				CLANG_ENABLE_MODULES = YES;
				CODE_SIGN_STYLE = Automatic;
				CURRENT_PROJECT_VERSION = 1;
				DEVELOPMENT_TEAM = 2FQBYA7PMR;
				GENERATE_INFOPLIST_FILE = YES;
				IPHONEOS_DEPLOYMENT_TARGET = 13.0;
				MARKETING_VERSION = 1.0;
				PRODUCT_BUNDLE_IDENTIFIER = com.mduranx64.SwiftGamesUITests;
				PRODUCT_NAME = "$(TARGET_NAME)";
				PROVISIONING_PROFILE = "";
				SWIFT_EMIT_LOC_STRINGS = NO;
				SWIFT_OPTIMIZATION_LEVEL = "-Onone";
				SWIFT_VERSION = 5.0;
				TARGETED_DEVICE_FAMILY = "1,2";
				TEST_TARGET_NAME = SwiftGames;
			};
			name = Debug;
		};
		4914F7852C87C7DE00D955A5 /* Release */ = {
			isa = XCBuildConfiguration;
			buildSettings = {
				CLANG_ENABLE_MODULES = YES;
				CODE_SIGN_STYLE = Automatic;
				CURRENT_PROJECT_VERSION = 1;
				DEVELOPMENT_TEAM = 2FQBYA7PMR;
				GENERATE_INFOPLIST_FILE = YES;
				IPHONEOS_DEPLOYMENT_TARGET = 13.0;
				MARKETING_VERSION = 1.0;
				PRODUCT_BUNDLE_IDENTIFIER = com.mduranx64.SwiftGamesUITests;
				PRODUCT_NAME = "$(TARGET_NAME)";
				PROVISIONING_PROFILE = "";
				SWIFT_EMIT_LOC_STRINGS = NO;
				SWIFT_VERSION = 5.0;
				TARGETED_DEVICE_FAMILY = "1,2";
				TEST_TARGET_NAME = SwiftGames;
			};
			name = Release;
		};
		F423A6522BCC9B3E004DF427 /* Debug */ = {
			isa = XCBuildConfiguration;
			buildSettings = {
				ALWAYS_SEARCH_USER_PATHS = NO;
				ASSETCATALOG_COMPILER_GENERATE_SWIFT_ASSET_SYMBOL_EXTENSIONS = YES;
				CLANG_ANALYZER_NONNULL = YES;
				CLANG_ANALYZER_NUMBER_OBJECT_CONVERSION = YES_AGGRESSIVE;
				CLANG_CXX_LANGUAGE_STANDARD = "gnu++20";
				CLANG_ENABLE_MODULES = YES;
				CLANG_ENABLE_OBJC_ARC = YES;
				CLANG_ENABLE_OBJC_WEAK = YES;
				CLANG_WARN_BLOCK_CAPTURE_AUTORELEASING = YES;
				CLANG_WARN_BOOL_CONVERSION = YES;
				CLANG_WARN_COMMA = YES;
				CLANG_WARN_CONSTANT_CONVERSION = YES;
				CLANG_WARN_DEPRECATED_OBJC_IMPLEMENTATIONS = YES;
				CLANG_WARN_DIRECT_OBJC_ISA_USAGE = YES_ERROR;
				CLANG_WARN_DOCUMENTATION_COMMENTS = YES;
				CLANG_WARN_EMPTY_BODY = YES;
				CLANG_WARN_ENUM_CONVERSION = YES;
				CLANG_WARN_INFINITE_RECURSION = YES;
				CLANG_WARN_INT_CONVERSION = YES;
				CLANG_WARN_NON_LITERAL_NULL_CONVERSION = YES;
				CLANG_WARN_OBJC_IMPLICIT_RETAIN_SELF = YES;
				CLANG_WARN_OBJC_LITERAL_CONVERSION = YES;
				CLANG_WARN_OBJC_ROOT_CLASS = YES_ERROR;
				CLANG_WARN_QUOTED_INCLUDE_IN_FRAMEWORK_HEADER = YES;
				CLANG_WARN_RANGE_LOOP_ANALYSIS = YES;
				CLANG_WARN_STRICT_PROTOTYPES = YES;
				CLANG_WARN_SUSPICIOUS_MOVE = YES;
				CLANG_WARN_UNGUARDED_AVAILABILITY = YES_AGGRESSIVE;
				CLANG_WARN_UNREACHABLE_CODE = YES;
				CLANG_WARN__DUPLICATE_METHOD_MATCH = YES;
				COPY_PHASE_STRIP = NO;
				DEBUG_INFORMATION_FORMAT = dwarf;
				ENABLE_STRICT_OBJC_MSGSEND = YES;
				ENABLE_TESTABILITY = YES;
				ENABLE_USER_SCRIPT_SANDBOXING = YES;
				GCC_C_LANGUAGE_STANDARD = gnu17;
				GCC_DYNAMIC_NO_PIC = NO;
				GCC_NO_COMMON_BLOCKS = YES;
				GCC_OPTIMIZATION_LEVEL = 0;
				GCC_PREPROCESSOR_DEFINITIONS = (
					"DEBUG=1",
					"$(inherited)",
				);
				GCC_WARN_64_TO_32_BIT_CONVERSION = YES;
				GCC_WARN_ABOUT_RETURN_TYPE = YES_ERROR;
				GCC_WARN_UNDECLARED_SELECTOR = YES;
				GCC_WARN_UNINITIALIZED_AUTOS = YES_AGGRESSIVE;
				GCC_WARN_UNUSED_FUNCTION = YES;
				GCC_WARN_UNUSED_VARIABLE = YES;
				IPHONEOS_DEPLOYMENT_TARGET = 13.0;
				LOCALIZATION_PREFERS_STRING_CATALOGS = YES;
				MTL_ENABLE_DEBUG_INFO = INCLUDE_SOURCE;
				MTL_FAST_MATH = YES;
				ONLY_ACTIVE_ARCH = YES;
				SDKROOT = iphoneos;
				SWIFT_ACTIVE_COMPILATION_CONDITIONS = "DEBUG $(inherited)";
				SWIFT_OPTIMIZATION_LEVEL = "-Onone";
			};
			name = Debug;
		};
		F423A6532BCC9B3E004DF427 /* Release */ = {
			isa = XCBuildConfiguration;
			buildSettings = {
				ALWAYS_SEARCH_USER_PATHS = NO;
				ASSETCATALOG_COMPILER_GENERATE_SWIFT_ASSET_SYMBOL_EXTENSIONS = YES;
				CLANG_ANALYZER_NONNULL = YES;
				CLANG_ANALYZER_NUMBER_OBJECT_CONVERSION = YES_AGGRESSIVE;
				CLANG_CXX_LANGUAGE_STANDARD = "gnu++20";
				CLANG_ENABLE_MODULES = YES;
				CLANG_ENABLE_OBJC_ARC = YES;
				CLANG_ENABLE_OBJC_WEAK = YES;
				CLANG_WARN_BLOCK_CAPTURE_AUTORELEASING = YES;
				CLANG_WARN_BOOL_CONVERSION = YES;
				CLANG_WARN_COMMA = YES;
				CLANG_WARN_CONSTANT_CONVERSION = YES;
				CLANG_WARN_DEPRECATED_OBJC_IMPLEMENTATIONS = YES;
				CLANG_WARN_DIRECT_OBJC_ISA_USAGE = YES_ERROR;
				CLANG_WARN_DOCUMENTATION_COMMENTS = YES;
				CLANG_WARN_EMPTY_BODY = YES;
				CLANG_WARN_ENUM_CONVERSION = YES;
				CLANG_WARN_INFINITE_RECURSION = YES;
				CLANG_WARN_INT_CONVERSION = YES;
				CLANG_WARN_NON_LITERAL_NULL_CONVERSION = YES;
				CLANG_WARN_OBJC_IMPLICIT_RETAIN_SELF = YES;
				CLANG_WARN_OBJC_LITERAL_CONVERSION = YES;
				CLANG_WARN_OBJC_ROOT_CLASS = YES_ERROR;
				CLANG_WARN_QUOTED_INCLUDE_IN_FRAMEWORK_HEADER = YES;
				CLANG_WARN_RANGE_LOOP_ANALYSIS = YES;
				CLANG_WARN_STRICT_PROTOTYPES = YES;
				CLANG_WARN_SUSPICIOUS_MOVE = YES;
				CLANG_WARN_UNGUARDED_AVAILABILITY = YES_AGGRESSIVE;
				CLANG_WARN_UNREACHABLE_CODE = YES;
				CLANG_WARN__DUPLICATE_METHOD_MATCH = YES;
				COPY_PHASE_STRIP = NO;
				DEBUG_INFORMATION_FORMAT = "dwarf-with-dsym";
				ENABLE_NS_ASSERTIONS = NO;
				ENABLE_STRICT_OBJC_MSGSEND = YES;
				ENABLE_USER_SCRIPT_SANDBOXING = YES;
				GCC_C_LANGUAGE_STANDARD = gnu17;
				GCC_NO_COMMON_BLOCKS = YES;
				GCC_WARN_64_TO_32_BIT_CONVERSION = YES;
				GCC_WARN_ABOUT_RETURN_TYPE = YES_ERROR;
				GCC_WARN_UNDECLARED_SELECTOR = YES;
				GCC_WARN_UNINITIALIZED_AUTOS = YES_AGGRESSIVE;
				GCC_WARN_UNUSED_FUNCTION = YES;
				GCC_WARN_UNUSED_VARIABLE = YES;
				IPHONEOS_DEPLOYMENT_TARGET = 13.0;
				LOCALIZATION_PREFERS_STRING_CATALOGS = YES;
				MTL_ENABLE_DEBUG_INFO = NO;
				MTL_FAST_MATH = YES;
				SDKROOT = iphoneos;
				SWIFT_COMPILATION_MODE = wholemodule;
				VALIDATE_PRODUCT = YES;
			};
			name = Release;
		};
		F423A6552BCC9B3E004DF427 /* Debug */ = {
			isa = XCBuildConfiguration;
			buildSettings = {
				ASSETCATALOG_COMPILER_APPICON_NAME = AppIcon;
				ASSETCATALOG_COMPILER_GLOBAL_ACCENT_COLOR_NAME = AccentColor;
				CODE_SIGN_IDENTITY = "Apple Development";
				CODE_SIGN_STYLE = Manual;
				CURRENT_PROJECT_VERSION = 1;
				DEVELOPMENT_TEAM = "";
				GENERATE_INFOPLIST_FILE = YES;
				INFOPLIST_FILE = SwiftGames/Info.plist;
				INFOPLIST_KEY_CFBundleDisplayName = "Swift Games";
				INFOPLIST_KEY_LSApplicationCategoryType = "public.app-category.puzzle-games";
				INFOPLIST_KEY_UIApplicationSupportsIndirectInputEvents = YES;
				INFOPLIST_KEY_UILaunchStoryboardName = LaunchScreen.storyboard;
				INFOPLIST_KEY_UISupportedInterfaceOrientations_iPad = "UIInterfaceOrientationPortrait UIInterfaceOrientationPortraitUpsideDown UIInterfaceOrientationLandscapeLeft UIInterfaceOrientationLandscapeRight";
				INFOPLIST_KEY_UISupportedInterfaceOrientations_iPhone = "UIInterfaceOrientationPortrait UIInterfaceOrientationLandscapeLeft UIInterfaceOrientationLandscapeRight";
				IPHONEOS_DEPLOYMENT_TARGET = 13.0;
				LD_RUNPATH_SEARCH_PATHS = (
					"$(inherited)",
					"@executable_path/Frameworks",
				);
				MARKETING_VERSION = 1.0;
				PRODUCT_BUNDLE_IDENTIFIER = com.example.SwiftGames;
				PRODUCT_NAME = "$(TARGET_NAME)";
				PROVISIONING_PROFILE_SPECIFIER = "";
				SWIFT_EMIT_LOC_STRINGS = YES;
				SWIFT_VERSION = 5.0;
				TARGETED_DEVICE_FAMILY = "1,2";
			};
			name = Debug;
		};
		F423A6562BCC9B3E004DF427 /* Release */ = {
			isa = XCBuildConfiguration;
			buildSettings = {
				ASSETCATALOG_COMPILER_APPICON_NAME = AppIcon;
				ASSETCATALOG_COMPILER_GLOBAL_ACCENT_COLOR_NAME = AccentColor;
				CODE_SIGN_IDENTITY = "Apple Development";
				CODE_SIGN_STYLE = Manual;
				CURRENT_PROJECT_VERSION = 1;
				DEVELOPMENT_TEAM = "";
				GENERATE_INFOPLIST_FILE = YES;
				INFOPLIST_FILE = SwiftGames/Info.plist;
				INFOPLIST_KEY_CFBundleDisplayName = "Swift Games";
				INFOPLIST_KEY_LSApplicationCategoryType = "public.app-category.puzzle-games";
				INFOPLIST_KEY_UIApplicationSupportsIndirectInputEvents = YES;
				INFOPLIST_KEY_UILaunchStoryboardName = LaunchScreen.storyboard;
				INFOPLIST_KEY_UISupportedInterfaceOrientations_iPad = "UIInterfaceOrientationPortrait UIInterfaceOrientationPortraitUpsideDown UIInterfaceOrientationLandscapeLeft UIInterfaceOrientationLandscapeRight";
				INFOPLIST_KEY_UISupportedInterfaceOrientations_iPhone = "UIInterfaceOrientationPortrait UIInterfaceOrientationLandscapeLeft UIInterfaceOrientationLandscapeRight";
				IPHONEOS_DEPLOYMENT_TARGET = 13.0;
				LD_RUNPATH_SEARCH_PATHS = (
					"$(inherited)",
					"@executable_path/Frameworks",
				);
				MARKETING_VERSION = 1.0;
				PRODUCT_BUNDLE_IDENTIFIER = com.example.SwiftGames;
				PRODUCT_NAME = "$(TARGET_NAME)";
				PROVISIONING_PROFILE_SPECIFIER = "";
				SWIFT_EMIT_LOC_STRINGS = YES;
				SWIFT_VERSION = 5.0;
				TARGETED_DEVICE_FAMILY = "1,2";
			};
			name = Release;
		};
		F423A6582BCC9B3E004DF427 /* Debug */ = {
			isa = XCBuildConfiguration;
			buildSettings = {
				ALWAYS_EMBED_SWIFT_STANDARD_LIBRARIES = YES;
				BUNDLE_LOADER = "$(TEST_HOST)";
				CODE_SIGN_STYLE = Manual;
				CURRENT_PROJECT_VERSION = 1;
				DEVELOPMENT_TEAM = "";
				GENERATE_INFOPLIST_FILE = YES;
				IPHONEOS_DEPLOYMENT_TARGET = 13.0;
				MARKETING_VERSION = 1.0;
				PRODUCT_BUNDLE_IDENTIFIER = "com.example.Swift-ChessTests";
				PRODUCT_NAME = "$(TARGET_NAME)";
				PROVISIONING_PROFILE_SPECIFIER = "";
				SWIFT_EMIT_LOC_STRINGS = NO;
				SWIFT_VERSION = 5.0;
				TARGETED_DEVICE_FAMILY = "1,2";
				TEST_HOST = "$(BUILT_PRODUCTS_DIR)/SwiftChess.app/$(BUNDLE_EXECUTABLE_FOLDER_PATH)/SwiftChess";
			};
			name = Debug;
		};
		F423A6592BCC9B3E004DF427 /* Release */ = {
			isa = XCBuildConfiguration;
			buildSettings = {
				ALWAYS_EMBED_SWIFT_STANDARD_LIBRARIES = YES;
				BUNDLE_LOADER = "$(TEST_HOST)";
				CODE_SIGN_STYLE = Manual;
				CURRENT_PROJECT_VERSION = 1;
				DEVELOPMENT_TEAM = "";
				GENERATE_INFOPLIST_FILE = YES;
				IPHONEOS_DEPLOYMENT_TARGET = 13.0;
				MARKETING_VERSION = 1.0;
				PRODUCT_BUNDLE_IDENTIFIER = "com.example.Swift-ChessTests";
				PRODUCT_NAME = "$(TARGET_NAME)";
				PROVISIONING_PROFILE_SPECIFIER = "";
				SWIFT_EMIT_LOC_STRINGS = NO;
				SWIFT_VERSION = 5.0;
				TARGETED_DEVICE_FAMILY = "1,2";
				TEST_HOST = "$(BUILT_PRODUCTS_DIR)/SwiftChess.app/$(BUNDLE_EXECUTABLE_FOLDER_PATH)/SwiftChess";
			};
			name = Release;
		};
		F423A65B2BCC9B3E004DF427 /* Debug */ = {
			isa = XCBuildConfiguration;
			buildSettings = {
				ALWAYS_EMBED_SWIFT_STANDARD_LIBRARIES = YES;
				CODE_SIGN_STYLE = Manual;
				CURRENT_PROJECT_VERSION = 1;
				DEVELOPMENT_TEAM = "";
				GENERATE_INFOPLIST_FILE = YES;
				IPHONEOS_DEPLOYMENT_TARGET = 13.0;
				MARKETING_VERSION = 1.0;
				PRODUCT_BUNDLE_IDENTIFIER = "com.example.Swift-ChessUITests";
				PRODUCT_NAME = "$(TARGET_NAME)";
				PROVISIONING_PROFILE_SPECIFIER = "";
				SWIFT_EMIT_LOC_STRINGS = NO;
				SWIFT_VERSION = 5.0;
				TARGETED_DEVICE_FAMILY = "1,2";
				TEST_TARGET_NAME = SwiftChess;
			};
			name = Debug;
		};
		F423A65C2BCC9B3E004DF427 /* Release */ = {
			isa = XCBuildConfiguration;
			buildSettings = {
				ALWAYS_EMBED_SWIFT_STANDARD_LIBRARIES = YES;
				CODE_SIGN_STYLE = Manual;
				CURRENT_PROJECT_VERSION = 1;
				DEVELOPMENT_TEAM = "";
				GENERATE_INFOPLIST_FILE = YES;
				IPHONEOS_DEPLOYMENT_TARGET = 13.0;
				MARKETING_VERSION = 1.0;
				PRODUCT_BUNDLE_IDENTIFIER = "com.example.Swift-ChessUITests";
				PRODUCT_NAME = "$(TARGET_NAME)";
				PROVISIONING_PROFILE_SPECIFIER = "";
				SWIFT_EMIT_LOC_STRINGS = NO;
				SWIFT_VERSION = 5.0;
				TARGETED_DEVICE_FAMILY = "1,2";
				TEST_TARGET_NAME = SwiftChess;
			};
			name = Release;
		};
/* End XCBuildConfiguration section */

/* Begin XCConfigurationList section */
		4914F7742C87C7B700D955A5 /* Build configuration list for PBXNativeTarget "SwiftGamesTests" */ = {
			isa = XCConfigurationList;
			buildConfigurations = (
				4914F7752C87C7B700D955A5 /* Debug */,
				4914F7762C87C7B700D955A5 /* Release */,
			);
			defaultConfigurationIsVisible = 0;
			defaultConfigurationName = Release;
		};
		4914F7832C87C7DE00D955A5 /* Build configuration list for PBXNativeTarget "SwiftGamesUITests" */ = {
			isa = XCConfigurationList;
			buildConfigurations = (
				4914F7842C87C7DE00D955A5 /* Debug */,
				4914F7852C87C7DE00D955A5 /* Release */,
			);
			defaultConfigurationIsVisible = 0;
			defaultConfigurationName = Release;
		};
		F423A6252BCC9B3B004DF427 /* Build configuration list for PBXProject "SwiftGames" */ = {
			isa = XCConfigurationList;
			buildConfigurations = (
				F423A6522BCC9B3E004DF427 /* Debug */,
				F423A6532BCC9B3E004DF427 /* Release */,
			);
			defaultConfigurationIsVisible = 0;
			defaultConfigurationName = Release;
		};
		F423A6542BCC9B3E004DF427 /* Build configuration list for PBXNativeTarget "SwiftGames" */ = {
			isa = XCConfigurationList;
			buildConfigurations = (
				F423A6552BCC9B3E004DF427 /* Debug */,
				F423A6562BCC9B3E004DF427 /* Release */,
			);
			defaultConfigurationIsVisible = 0;
			defaultConfigurationName = Release;
		};
/* End XCConfigurationList section */
	};
	rootObject = F423A6222BCC9B3B004DF427 /* Project object */;
}
